// !$*UTF8*$!
{
	archiveVersion = 1;
	classes = {
	};
	objectVersion = 50;
	objects = {

/* Begin PBXBuildFile section */
		08045B351A189E7F959DD3B6 /* libPods-SeventreesUser.a in Frameworks */ = {isa = PBXBuildFile; fileRef = E526D20361804ADF582EE2C0 /* libPods-SeventreesUser.a */; };
		84065CFE230A386600D39225 /* DialogBoxView.m in Sources */ = {isa = PBXBuildFile; fileRef = 84065CFD230A386600D39225 /* DialogBoxView.m */; };
		84065D00230A38B700D39225 /* DialogBoxView.xib in Resources */ = {isa = PBXBuildFile; fileRef = 84065CFF230A38B700D39225 /* DialogBoxView.xib */; };
		84065D04230A73D400D39225 /* SearchBarView.m in Sources */ = {isa = PBXBuildFile; fileRef = 84065D03230A73D400D39225 /* SearchBarView.m */; };
		84065D06230A73DE00D39225 /* SearchBarView.xib in Resources */ = {isa = PBXBuildFile; fileRef = 84065D05230A73DE00D39225 /* SearchBarView.xib */; };
		84468D43230253F80073D640 /* FMMenuController.m in Sources */ = {isa = PBXBuildFile; fileRef = 84468D42230253F80073D640 /* FMMenuController.m */; };
		84468D46230254280073D640 /* FMShoppingController.m in Sources */ = {isa = PBXBuildFile; fileRef = 84468D45230254280073D640 /* FMShoppingController.m */; };
		84468D49230254350073D640 /* FMMeController.m in Sources */ = {isa = PBXBuildFile; fileRef = 84468D48230254350073D640 /* FMMeController.m */; };
		84468D4C230256B20073D640 /* BaseNavigationController.m in Sources */ = {isa = PBXBuildFile; fileRef = 84468D4B230256B20073D640 /* BaseNavigationController.m */; };
		844776A7230AC6C4008AE242 /* FMStoreView.m in Sources */ = {isa = PBXBuildFile; fileRef = 844776A6230AC6C4008AE242 /* FMStoreView.m */; };
		844776A9230AC6E0008AE242 /* FMStoreView.xib in Resources */ = {isa = PBXBuildFile; fileRef = 844776A8230AC6E0008AE242 /* FMStoreView.xib */; };
		844776AC230ACB97008AE242 /* FMGoodsView.m in Sources */ = {isa = PBXBuildFile; fileRef = 844776AB230ACB97008AE242 /* FMGoodsView.m */; };
		844776AE230ACBA0008AE242 /* FMGoodsView.xib in Resources */ = {isa = PBXBuildFile; fileRef = 844776AD230ACBA0008AE242 /* FMGoodsView.xib */; };
		844776B2230AD1A6008AE242 /* FMGoodsCell.m in Sources */ = {isa = PBXBuildFile; fileRef = 844776B0230AD1A6008AE242 /* FMGoodsCell.m */; };
		844776B3230AD1A6008AE242 /* FMGoodsCell.xib in Resources */ = {isa = PBXBuildFile; fileRef = 844776B1230AD1A6008AE242 /* FMGoodsCell.xib */; };
		846A4908230A82FA00D2EAFB /* FMHomeView.m in Sources */ = {isa = PBXBuildFile; fileRef = 846A4907230A82FA00D2EAFB /* FMHomeView.m */; };
		846A490A230A830400D2EAFB /* FMHomeView.xib in Resources */ = {isa = PBXBuildFile; fileRef = 846A4909230A830400D2EAFB /* FMHomeView.xib */; };
		846A490D230A8F1C00D2EAFB /* FMHomeController.m in Sources */ = {isa = PBXBuildFile; fileRef = 846A490C230A8F1B00D2EAFB /* FMHomeController.m */; };
		846A4915230A913200D2EAFB /* LMJVerticalScrollText.m in Sources */ = {isa = PBXBuildFile; fileRef = 846A4910230A913200D2EAFB /* LMJVerticalScrollText.m */; };
		846A4916230A913200D2EAFB /* UILabel+ForLMJVerticalScrollText.m in Sources */ = {isa = PBXBuildFile; fileRef = 846A4912230A913200D2EAFB /* UILabel+ForLMJVerticalScrollText.m */; };
		846A4917230A913200D2EAFB /* UIView+ForLMJVerticalScrollText.m in Sources */ = {isa = PBXBuildFile; fileRef = 846A4914230A913200D2EAFB /* UIView+ForLMJVerticalScrollText.m */; };
		846A491A230AACC700D2EAFB /* FMMenuView.m in Sources */ = {isa = PBXBuildFile; fileRef = 846A4919230AACC700D2EAFB /* FMMenuView.m */; };
		846A491C230ABDD500D2EAFB /* FMMenuView.xib in Resources */ = {isa = PBXBuildFile; fileRef = 846A491B230ABDD500D2EAFB /* FMMenuView.xib */; };
		849CBFB1230113B2003821E4 /* AppDelegate+AppInit.m in Sources */ = {isa = PBXBuildFile; fileRef = 849CBFAC230113B2003821E4 /* AppDelegate+AppInit.m */; };
		849CBFB2230113B2003821E4 /* AppDelegate.m in Sources */ = {isa = PBXBuildFile; fileRef = 849CBFAE230113B2003821E4 /* AppDelegate.m */; };
		849CBFB3230113B2003821E4 /* main.m in Sources */ = {isa = PBXBuildFile; fileRef = 849CBFAF230113B2003821E4 /* main.m */; };
		849CBFB92301176F003821E4 /* MainTabBarController.m in Sources */ = {isa = PBXBuildFile; fileRef = 849CBFB82301176F003821E4 /* MainTabBarController.m */; };
		849CBFBE23014544003821E4 /* Assets.xcassets in Resources */ = {isa = PBXBuildFile; fileRef = 849CBFBB23014544003821E4 /* Assets.xcassets */; };
		849CBFBF23014544003821E4 /* LaunchScreen.storyboard in Resources */ = {isa = PBXBuildFile; fileRef = 849CBFBC23014544003821E4 /* LaunchScreen.storyboard */; };
		84B142DB2304F6E7009ADECF /* UITableView+FDIndexPathHeightCache.m in Sources */ = {isa = PBXBuildFile; fileRef = 84B142D42304F6E7009ADECF /* UITableView+FDIndexPathHeightCache.m */; };
		84B142DC2304F6E7009ADECF /* UITableView+FDKeyedHeightCache.m in Sources */ = {isa = PBXBuildFile; fileRef = 84B142D62304F6E7009ADECF /* UITableView+FDKeyedHeightCache.m */; };
		84B142DD2304F6E7009ADECF /* UITableView+FDTemplateLayoutCell.m in Sources */ = {isa = PBXBuildFile; fileRef = 84B142D82304F6E7009ADECF /* UITableView+FDTemplateLayoutCell.m */; };
		84B142DE2304F6E7009ADECF /* UITableView+FDTemplateLayoutCellDebug.m in Sources */ = {isa = PBXBuildFile; fileRef = 84B142DA2304F6E7009ADECF /* UITableView+FDTemplateLayoutCellDebug.m */; };
		84BAC5802306859A0062B812 /* FMSecurityCodeInputView.m in Sources */ = {isa = PBXBuildFile; fileRef = 84BAC57F2306859A0062B812 /* FMSecurityCodeInputView.m */; };
		84BAC582230685CF0062B812 /* FMSecurityCodeInputView.xib in Resources */ = {isa = PBXBuildFile; fileRef = 84BAC581230685CF0062B812 /* FMSecurityCodeInputView.xib */; };
		84BAC58523069E950062B812 /* FMPhoneNumberInputView.m in Sources */ = {isa = PBXBuildFile; fileRef = 84BAC58423069E950062B812 /* FMPhoneNumberInputView.m */; };
		84BAC58723069EA50062B812 /* FMPhoneNumberInputView.xib in Resources */ = {isa = PBXBuildFile; fileRef = 84BAC58623069EA50062B812 /* FMPhoneNumberInputView.xib */; };
		84BAC58A2306A51D0062B812 /* FMPasswordInputView.m in Sources */ = {isa = PBXBuildFile; fileRef = 84BAC5892306A51D0062B812 /* FMPasswordInputView.m */; };
		84BAC58C2306A5290062B812 /* FMPasswordInputView.xib in Resources */ = {isa = PBXBuildFile; fileRef = 84BAC58B2306A5290062B812 /* FMPasswordInputView.xib */; };
		84BAC58F2306B2EB0062B812 /* FMSetPasswordView.m in Sources */ = {isa = PBXBuildFile; fileRef = 84BAC58E2306B2EB0062B812 /* FMSetPasswordView.m */; };
		84BAC5912306B3110062B812 /* FMSetPasswordView.xib in Resources */ = {isa = PBXBuildFile; fileRef = 84BAC5902306B3110062B812 /* FMSetPasswordView.xib */; };
		84BAC5942306B6B20062B812 /* FMSetPasswordController.m in Sources */ = {isa = PBXBuildFile; fileRef = 84BAC5932306B6B20062B812 /* FMSetPasswordController.m */; };
		84BAC5972306B6F20062B812 /* FMRegisterController.m in Sources */ = {isa = PBXBuildFile; fileRef = 84BAC5962306B6F20062B812 /* FMRegisterController.m */; };
		84BAC59F2306C6400062B812 /* FMRegisterView.m in Sources */ = {isa = PBXBuildFile; fileRef = 84BAC59E2306C6400062B812 /* FMRegisterView.m */; };
		84BAC5A12306C8AC0062B812 /* FMRegisterView.xib in Resources */ = {isa = PBXBuildFile; fileRef = 84BAC5A02306C8AC0062B812 /* FMRegisterView.xib */; };
		84BAC5A42306CD3D0062B812 /* FMPhoneNumberInputViewModel.m in Sources */ = {isa = PBXBuildFile; fileRef = 84BAC5A32306CD3D0062B812 /* FMPhoneNumberInputViewModel.m */; };
		84D42D40230403F700249356 /* FMLoginModel.m in Sources */ = {isa = PBXBuildFile; fileRef = 84D42D36230403F700249356 /* FMLoginModel.m */; };
		84D42D41230403F700249356 /* FMLoginView.m in Sources */ = {isa = PBXBuildFile; fileRef = 84D42D39230403F700249356 /* FMLoginView.m */; };
		84D42D42230403F700249356 /* FMLoginController.m in Sources */ = {isa = PBXBuildFile; fileRef = 84D42D3C230403F700249356 /* FMLoginController.m */; };
		84D42D43230403F700249356 /* FMLoginViewModel.m in Sources */ = {isa = PBXBuildFile; fileRef = 84D42D3F230403F700249356 /* FMLoginViewModel.m */; };
		84D42D452304066E00249356 /* FMLoginView.xib in Resources */ = {isa = PBXBuildFile; fileRef = 84D42D442304066E00249356 /* FMLoginView.xib */; };
		84D42D482304E88100249356 /* UIView+Frame.m in Sources */ = {isa = PBXBuildFile; fileRef = 84D42D472304E88100249356 /* UIView+Frame.m */; };
		84D42D4B2304F16800249356 /* UIView+Visuals.m in Sources */ = {isa = PBXBuildFile; fileRef = 84D42D4A2304F16700249356 /* UIView+Visuals.m */; };
		84D7282323014D1B002D387A /* FMTableViewCell.m in Sources */ = {isa = PBXBuildFile; fileRef = 84D7273A23014D1B002D387A /* FMTableViewCell.m */; };
		84D7282423014D1B002D387A /* FMView.m in Sources */ = {isa = PBXBuildFile; fileRef = 84D7273D23014D1B002D387A /* FMView.m */; };
		84D7282523014D1B002D387A /* FMViewController.m in Sources */ = {isa = PBXBuildFile; fileRef = 84D7274123014D1B002D387A /* FMViewController.m */; };
		84D7282623014D1B002D387A /* FMViewModel.m in Sources */ = {isa = PBXBuildFile; fileRef = 84D7274523014D1B002D387A /* FMViewModel.m */; };
		84D7287823014D1B002D387A /* UIColor+Zirkfied.m in Sources */ = {isa = PBXBuildFile; fileRef = 84D727FC23014D1B002D387A /* UIColor+Zirkfied.m */; };
		84D7287923014D1B002D387A /* UIImage+Zirkfied.m in Sources */ = {isa = PBXBuildFile; fileRef = 84D727FE23014D1B002D387A /* UIImage+Zirkfied.m */; };
		84D7287A23014D1B002D387A /* ZFMaskView.m in Sources */ = {isa = PBXBuildFile; fileRef = 84D7280123014D1B002D387A /* ZFMaskView.m */; };
		84D7287B23014D1B002D387A /* ZFConst.m in Sources */ = {isa = PBXBuildFile; fileRef = 84D7280523014D1B002D387A /* ZFConst.m */; };
		84D7287C23014D1B002D387A /* Down@2x.png in Resources */ = {isa = PBXBuildFile; fileRef = 84D7280723014D1B002D387A /* Down@2x.png */; };
		84D7287D23014D1B002D387A /* Flashlight_H@2x.png in Resources */ = {isa = PBXBuildFile; fileRef = 84D7280823014D1B002D387A /* Flashlight_H@2x.png */; };
		84D7287E23014D1B002D387A /* Flashlight_N@2x.png in Resources */ = {isa = PBXBuildFile; fileRef = 84D7280923014D1B002D387A /* Flashlight_N@2x.png */; };
		84D7287F23014D1B002D387A /* QRCodeScanLine@2x.png in Resources */ = {isa = PBXBuildFile; fileRef = 84D7280A23014D1B002D387A /* QRCodeScanLine@2x.png */; };
		84D7288023014D1B002D387A /* ScanQR1@2x.png in Resources */ = {isa = PBXBuildFile; fileRef = 84D7280B23014D1B002D387A /* ScanQR1@2x.png */; };
		84D7288123014D1B002D387A /* ScanQR2@2x.png in Resources */ = {isa = PBXBuildFile; fileRef = 84D7280C23014D1B002D387A /* ScanQR2@2x.png */; };
		84D7288223014D1B002D387A /* ScanQR3@2x.png in Resources */ = {isa = PBXBuildFile; fileRef = 84D7280D23014D1B002D387A /* ScanQR3@2x.png */; };
		84D7288323014D1B002D387A /* ScanQR4@2x.png in Resources */ = {isa = PBXBuildFile; fileRef = 84D7280E23014D1B002D387A /* ScanQR4@2x.png */; };
		84D7288423014D1B002D387A /* ZFScanViewController.m in Sources */ = {isa = PBXBuildFile; fileRef = 84D7281023014D1B002D387A /* ZFScanViewController.m */; };
		84D7288523014D1B002D387A /* CommonManager.m in Sources */ = {isa = PBXBuildFile; fileRef = 84D7281423014D1B002D387A /* CommonManager.m */; };
		84D7288623014D1B002D387A /* GCDDispatchManager.m in Sources */ = {isa = PBXBuildFile; fileRef = 84D7281723014D1B002D387A /* GCDDispatchManager.m */; };
		84D7288723014D1B002D387A /* PlatformConfig.mm in Sources */ = {isa = PBXBuildFile; fileRef = 84D7281A23014D1B002D387A /* PlatformConfig.mm */; };
		84DD3FCB23015B04001171F1 /* UIAlertController+Chain.m in Sources */ = {isa = PBXBuildFile; fileRef = 84DD3F9923015B04001171F1 /* UIAlertController+Chain.m */; };
		84DD3FCC23015B04001171F1 /* UINavigationController+Chain.m in Sources */ = {isa = PBXBuildFile; fileRef = 84DD3F9B23015B04001171F1 /* UINavigationController+Chain.m */; };
		84DD3FCD23015B04001171F1 /* UIViewController+Chain.m in Sources */ = {isa = PBXBuildFile; fileRef = 84DD3F9D23015B04001171F1 /* UIViewController+Chain.m */; };
		84DD3FCE23015B04001171F1 /* NSArray+Chain.m in Sources */ = {isa = PBXBuildFile; fileRef = 84DD3FA023015B04001171F1 /* NSArray+Chain.m */; };
		84DD3FCF23015B04001171F1 /* NSObject+Chain.m in Sources */ = {isa = PBXBuildFile; fileRef = 84DD3FA223015B04001171F1 /* NSObject+Chain.m */; };
		84DD3FD023015B04001171F1 /* NSObject+CheckNull.m in Sources */ = {isa = PBXBuildFile; fileRef = 84DD3FA523015B04001171F1 /* NSObject+CheckNull.m */; };
		84DD3FD123015B04001171F1 /* NSString+Chain.m in Sources */ = {isa = PBXBuildFile; fileRef = 84DD3FA723015B04001171F1 /* NSString+Chain.m */; };
		84DD3FD223015B04001171F1 /* NSTimer+Chain.m in Sources */ = {isa = PBXBuildFile; fileRef = 84DD3FA923015B04001171F1 /* NSTimer+Chain.m */; };
		84DD3FD323015B04001171F1 /* UIBarButtonItem+Chain.m in Sources */ = {isa = PBXBuildFile; fileRef = 84DD3FAC23015B04001171F1 /* UIBarButtonItem+Chain.m */; };
		84DD3FD423015B04001171F1 /* UIButton+Chain.m in Sources */ = {isa = PBXBuildFile; fileRef = 84DD3FAE23015B04001171F1 /* UIButton+Chain.m */; };
		84DD3FD523015B04001171F1 /* UICollectionView+Chain.m in Sources */ = {isa = PBXBuildFile; fileRef = 84DD3FB023015B04001171F1 /* UICollectionView+Chain.m */; };
		84DD3FD623015B04001171F1 /* UICollectionViewCell+Chain.m in Sources */ = {isa = PBXBuildFile; fileRef = 84DD3FB223015B04001171F1 /* UICollectionViewCell+Chain.m */; };
		84DD3FD723015B04001171F1 /* UIColor+Chain.m in Sources */ = {isa = PBXBuildFile; fileRef = 84DD3FB423015B04001171F1 /* UIColor+Chain.m */; };
		84DD3FD823015B04001171F1 /* UIControl+Chain.m in Sources */ = {isa = PBXBuildFile; fileRef = 84DD3FB623015B04001171F1 /* UIControl+Chain.m */; };
		84DD3FD923015B04001171F1 /* UIImage+Chain.m in Sources */ = {isa = PBXBuildFile; fileRef = 84DD3FB823015B04001171F1 /* UIImage+Chain.m */; };
		84DD3FDA23015B04001171F1 /* UILabel+Chain.m in Sources */ = {isa = PBXBuildFile; fileRef = 84DD3FBA23015B04001171F1 /* UILabel+Chain.m */; };
		84DD3FDB23015B04001171F1 /* UINavigationItem+Chain.m in Sources */ = {isa = PBXBuildFile; fileRef = 84DD3FBC23015B04001171F1 /* UINavigationItem+Chain.m */; };
		84DD3FDC23015B04001171F1 /* UIScrollView+Chain.m in Sources */ = {isa = PBXBuildFile; fileRef = 84DD3FBE23015B04001171F1 /* UIScrollView+Chain.m */; };
		84DD3FDD23015B04001171F1 /* UITableView+Chain.m in Sources */ = {isa = PBXBuildFile; fileRef = 84DD3FC023015B04001171F1 /* UITableView+Chain.m */; };
		84DD3FDE23015B04001171F1 /* UITableViewCell+Chain.m in Sources */ = {isa = PBXBuildFile; fileRef = 84DD3FC223015B04001171F1 /* UITableViewCell+Chain.m */; };
		84DD3FDF23015B04001171F1 /* UITextField+Chain.m in Sources */ = {isa = PBXBuildFile; fileRef = 84DD3FC423015B04001171F1 /* UITextField+Chain.m */; };
		84DD3FE023015B04001171F1 /* UIView+Chain.m in Sources */ = {isa = PBXBuildFile; fileRef = 84DD3FC623015B04001171F1 /* UIView+Chain.m */; };
		84DD3FE123015B04001171F1 /* UIView+Seek.m in Sources */ = {isa = PBXBuildFile; fileRef = 84DD3FC923015B04001171F1 /* UIView+Seek.m */; };
		84DD40E723016436001171F1 /* FMModel+RuntimeCopy.m in Sources */ = {isa = PBXBuildFile; fileRef = 84DD40E623016436001171F1 /* FMModel+RuntimeCopy.m */; };
		84DD40EB2301645C001171F1 /* FMModel.m in Sources */ = {isa = PBXBuildFile; fileRef = 84DD40EA2301645C001171F1 /* FMModel.m */; };
		84FE047E230B8AAE00E83754 /* FMGoodsSectionCell.m in Sources */ = {isa = PBXBuildFile; fileRef = 84FE047C230B8AAE00E83754 /* FMGoodsSectionCell.m */; };
		84FE047F230B8AAE00E83754 /* FMGoodsSectionCell.xib in Resources */ = {isa = PBXBuildFile; fileRef = 84FE047D230B8AAE00E83754 /* FMGoodsSectionCell.xib */; };
		84FE0482230BC3AE00E83754 /* FMCollectionViewCell.m in Sources */ = {isa = PBXBuildFile; fileRef = 84FE0481230BC3AE00E83754 /* FMCollectionViewCell.m */; };
		84FE0489230BC72300E83754 /* FMMeView.m in Sources */ = {isa = PBXBuildFile; fileRef = 84FE0488230BC72300E83754 /* FMMeView.m */; };
		84FE048B230BC72D00E83754 /* FMMeView.xib in Resources */ = {isa = PBXBuildFile; fileRef = 84FE048A230BC72D00E83754 /* FMMeView.xib */; };
/* End PBXBuildFile section */

/* Begin PBXFileReference section */
		54B961E7B741464645FB273E /* Pods-SeventreesUser.release.xcconfig */ = {isa = PBXFileReference; includeInIndex = 1; lastKnownFileType = text.xcconfig; name = "Pods-SeventreesUser.release.xcconfig"; path = "Target Support Files/Pods-SeventreesUser/Pods-SeventreesUser.release.xcconfig"; sourceTree = "<group>"; };
		84065CFC230A386600D39225 /* DialogBoxView.h */ = {isa = PBXFileReference; lastKnownFileType = sourcecode.c.h; path = DialogBoxView.h; sourceTree = "<group>"; };
		84065CFD230A386600D39225 /* DialogBoxView.m */ = {isa = PBXFileReference; lastKnownFileType = sourcecode.c.objc; path = DialogBoxView.m; sourceTree = "<group>"; };
		84065CFF230A38B700D39225 /* DialogBoxView.xib */ = {isa = PBXFileReference; lastKnownFileType = file.xib; path = DialogBoxView.xib; sourceTree = "<group>"; };
		84065D02230A73D400D39225 /* SearchBarView.h */ = {isa = PBXFileReference; lastKnownFileType = sourcecode.c.h; path = SearchBarView.h; sourceTree = "<group>"; };
		84065D03230A73D400D39225 /* SearchBarView.m */ = {isa = PBXFileReference; lastKnownFileType = sourcecode.c.objc; path = SearchBarView.m; sourceTree = "<group>"; };
		84065D05230A73DE00D39225 /* SearchBarView.xib */ = {isa = PBXFileReference; lastKnownFileType = file.xib; path = SearchBarView.xib; sourceTree = "<group>"; };
		84468D41230253F80073D640 /* FMMenuController.h */ = {isa = PBXFileReference; lastKnownFileType = sourcecode.c.h; path = FMMenuController.h; sourceTree = "<group>"; };
		84468D42230253F80073D640 /* FMMenuController.m */ = {isa = PBXFileReference; lastKnownFileType = sourcecode.c.objc; path = FMMenuController.m; sourceTree = "<group>"; };
		84468D44230254280073D640 /* FMShoppingController.h */ = {isa = PBXFileReference; lastKnownFileType = sourcecode.c.h; path = FMShoppingController.h; sourceTree = "<group>"; };
		84468D45230254280073D640 /* FMShoppingController.m */ = {isa = PBXFileReference; lastKnownFileType = sourcecode.c.objc; path = FMShoppingController.m; sourceTree = "<group>"; };
		84468D47230254350073D640 /* FMMeController.h */ = {isa = PBXFileReference; lastKnownFileType = sourcecode.c.h; path = FMMeController.h; sourceTree = "<group>"; };
		84468D48230254350073D640 /* FMMeController.m */ = {isa = PBXFileReference; lastKnownFileType = sourcecode.c.objc; path = FMMeController.m; sourceTree = "<group>"; };
		84468D4A230256B20073D640 /* BaseNavigationController.h */ = {isa = PBXFileReference; lastKnownFileType = sourcecode.c.h; path = BaseNavigationController.h; sourceTree = "<group>"; };
		84468D4B230256B20073D640 /* BaseNavigationController.m */ = {isa = PBXFileReference; lastKnownFileType = sourcecode.c.objc; path = BaseNavigationController.m; sourceTree = "<group>"; };
		844776A5230AC6C4008AE242 /* FMStoreView.h */ = {isa = PBXFileReference; lastKnownFileType = sourcecode.c.h; path = FMStoreView.h; sourceTree = "<group>"; };
		844776A6230AC6C4008AE242 /* FMStoreView.m */ = {isa = PBXFileReference; lastKnownFileType = sourcecode.c.objc; path = FMStoreView.m; sourceTree = "<group>"; };
		844776A8230AC6E0008AE242 /* FMStoreView.xib */ = {isa = PBXFileReference; lastKnownFileType = file.xib; path = FMStoreView.xib; sourceTree = "<group>"; };
		844776AA230ACB97008AE242 /* FMGoodsView.h */ = {isa = PBXFileReference; lastKnownFileType = sourcecode.c.h; path = FMGoodsView.h; sourceTree = "<group>"; };
		844776AB230ACB97008AE242 /* FMGoodsView.m */ = {isa = PBXFileReference; lastKnownFileType = sourcecode.c.objc; path = FMGoodsView.m; sourceTree = "<group>"; };
		844776AD230ACBA0008AE242 /* FMGoodsView.xib */ = {isa = PBXFileReference; lastKnownFileType = file.xib; path = FMGoodsView.xib; sourceTree = "<group>"; };
		844776AF230AD1A6008AE242 /* FMGoodsCell.h */ = {isa = PBXFileReference; lastKnownFileType = sourcecode.c.h; path = FMGoodsCell.h; sourceTree = "<group>"; };
		844776B0230AD1A6008AE242 /* FMGoodsCell.m */ = {isa = PBXFileReference; lastKnownFileType = sourcecode.c.objc; path = FMGoodsCell.m; sourceTree = "<group>"; };
		844776B1230AD1A6008AE242 /* FMGoodsCell.xib */ = {isa = PBXFileReference; lastKnownFileType = file.xib; path = FMGoodsCell.xib; sourceTree = "<group>"; };
		846A4906230A82FA00D2EAFB /* FMHomeView.h */ = {isa = PBXFileReference; lastKnownFileType = sourcecode.c.h; path = FMHomeView.h; sourceTree = "<group>"; };
		846A4907230A82FA00D2EAFB /* FMHomeView.m */ = {isa = PBXFileReference; lastKnownFileType = sourcecode.c.objc; path = FMHomeView.m; sourceTree = "<group>"; };
		846A4909230A830400D2EAFB /* FMHomeView.xib */ = {isa = PBXFileReference; lastKnownFileType = file.xib; path = FMHomeView.xib; sourceTree = "<group>"; };
		846A490B230A8F1B00D2EAFB /* FMHomeController.h */ = {isa = PBXFileReference; fileEncoding = 4; lastKnownFileType = sourcecode.c.h; path = FMHomeController.h; sourceTree = "<group>"; };
		846A490C230A8F1B00D2EAFB /* FMHomeController.m */ = {isa = PBXFileReference; fileEncoding = 4; lastKnownFileType = sourcecode.c.objc; path = FMHomeController.m; sourceTree = "<group>"; };
		846A490F230A913200D2EAFB /* LMJVerticalScrollText.h */ = {isa = PBXFileReference; fileEncoding = 4; lastKnownFileType = sourcecode.c.h; path = LMJVerticalScrollText.h; sourceTree = "<group>"; };
		846A4910230A913200D2EAFB /* LMJVerticalScrollText.m */ = {isa = PBXFileReference; fileEncoding = 4; lastKnownFileType = sourcecode.c.objc; path = LMJVerticalScrollText.m; sourceTree = "<group>"; };
		846A4911230A913200D2EAFB /* UILabel+ForLMJVerticalScrollText.h */ = {isa = PBXFileReference; fileEncoding = 4; lastKnownFileType = sourcecode.c.h; path = "UILabel+ForLMJVerticalScrollText.h"; sourceTree = "<group>"; };
		846A4912230A913200D2EAFB /* UILabel+ForLMJVerticalScrollText.m */ = {isa = PBXFileReference; fileEncoding = 4; lastKnownFileType = sourcecode.c.objc; path = "UILabel+ForLMJVerticalScrollText.m"; sourceTree = "<group>"; };
		846A4913230A913200D2EAFB /* UIView+ForLMJVerticalScrollText.h */ = {isa = PBXFileReference; fileEncoding = 4; lastKnownFileType = sourcecode.c.h; path = "UIView+ForLMJVerticalScrollText.h"; sourceTree = "<group>"; };
		846A4914230A913200D2EAFB /* UIView+ForLMJVerticalScrollText.m */ = {isa = PBXFileReference; fileEncoding = 4; lastKnownFileType = sourcecode.c.objc; path = "UIView+ForLMJVerticalScrollText.m"; sourceTree = "<group>"; };
		846A4918230AACC700D2EAFB /* FMMenuView.h */ = {isa = PBXFileReference; lastKnownFileType = sourcecode.c.h; path = FMMenuView.h; sourceTree = "<group>"; };
		846A4919230AACC700D2EAFB /* FMMenuView.m */ = {isa = PBXFileReference; lastKnownFileType = sourcecode.c.objc; path = FMMenuView.m; sourceTree = "<group>"; };
		846A491B230ABDD500D2EAFB /* FMMenuView.xib */ = {isa = PBXFileReference; lastKnownFileType = file.xib; path = FMMenuView.xib; sourceTree = "<group>"; };
		849CBF8A2300FBAA003821E4 /* SeventreesUser.app */ = {isa = PBXFileReference; explicitFileType = wrapper.application; includeInIndex = 0; path = SeventreesUser.app; sourceTree = BUILT_PRODUCTS_DIR; };
		849CBF9B2300FBAC003821E4 /* Info.plist */ = {isa = PBXFileReference; lastKnownFileType = text.plist.xml; path = Info.plist; sourceTree = "<group>"; };
		849CBFAB230113B2003821E4 /* AppDelegate+AppInit.h */ = {isa = PBXFileReference; fileEncoding = 4; lastKnownFileType = sourcecode.c.h; path = "AppDelegate+AppInit.h"; sourceTree = "<group>"; };
		849CBFAC230113B2003821E4 /* AppDelegate+AppInit.m */ = {isa = PBXFileReference; fileEncoding = 4; lastKnownFileType = sourcecode.c.objc; path = "AppDelegate+AppInit.m"; sourceTree = "<group>"; };
		849CBFAD230113B2003821E4 /* AppDelegate.h */ = {isa = PBXFileReference; fileEncoding = 4; lastKnownFileType = sourcecode.c.h; path = AppDelegate.h; sourceTree = "<group>"; };
		849CBFAE230113B2003821E4 /* AppDelegate.m */ = {isa = PBXFileReference; fileEncoding = 4; lastKnownFileType = sourcecode.c.objc; path = AppDelegate.m; sourceTree = "<group>"; };
		849CBFAF230113B2003821E4 /* main.m */ = {isa = PBXFileReference; fileEncoding = 4; lastKnownFileType = sourcecode.c.objc; path = main.m; sourceTree = "<group>"; };
		849CBFB72301176F003821E4 /* MainTabBarController.h */ = {isa = PBXFileReference; lastKnownFileType = sourcecode.c.h; path = MainTabBarController.h; sourceTree = "<group>"; };
		849CBFB82301176F003821E4 /* MainTabBarController.m */ = {isa = PBXFileReference; lastKnownFileType = sourcecode.c.objc; path = MainTabBarController.m; sourceTree = "<group>"; };
		849CBFBB23014544003821E4 /* Assets.xcassets */ = {isa = PBXFileReference; lastKnownFileType = folder.assetcatalog; path = Assets.xcassets; sourceTree = "<group>"; };
		849CBFBD23014544003821E4 /* Base */ = {isa = PBXFileReference; lastKnownFileType = file.storyboard; name = Base; path = Base.lproj/LaunchScreen.storyboard; sourceTree = "<group>"; };
		84B142D32304F6E7009ADECF /* UITableView+FDIndexPathHeightCache.h */ = {isa = PBXFileReference; fileEncoding = 4; lastKnownFileType = sourcecode.c.h; path = "UITableView+FDIndexPathHeightCache.h"; sourceTree = "<group>"; };
		84B142D42304F6E7009ADECF /* UITableView+FDIndexPathHeightCache.m */ = {isa = PBXFileReference; fileEncoding = 4; lastKnownFileType = sourcecode.c.objc; path = "UITableView+FDIndexPathHeightCache.m"; sourceTree = "<group>"; };
		84B142D52304F6E7009ADECF /* UITableView+FDKeyedHeightCache.h */ = {isa = PBXFileReference; fileEncoding = 4; lastKnownFileType = sourcecode.c.h; path = "UITableView+FDKeyedHeightCache.h"; sourceTree = "<group>"; };
		84B142D62304F6E7009ADECF /* UITableView+FDKeyedHeightCache.m */ = {isa = PBXFileReference; fileEncoding = 4; lastKnownFileType = sourcecode.c.objc; path = "UITableView+FDKeyedHeightCache.m"; sourceTree = "<group>"; };
		84B142D72304F6E7009ADECF /* UITableView+FDTemplateLayoutCell.h */ = {isa = PBXFileReference; fileEncoding = 4; lastKnownFileType = sourcecode.c.h; path = "UITableView+FDTemplateLayoutCell.h"; sourceTree = "<group>"; };
		84B142D82304F6E7009ADECF /* UITableView+FDTemplateLayoutCell.m */ = {isa = PBXFileReference; fileEncoding = 4; lastKnownFileType = sourcecode.c.objc; path = "UITableView+FDTemplateLayoutCell.m"; sourceTree = "<group>"; };
		84B142D92304F6E7009ADECF /* UITableView+FDTemplateLayoutCellDebug.h */ = {isa = PBXFileReference; fileEncoding = 4; lastKnownFileType = sourcecode.c.h; path = "UITableView+FDTemplateLayoutCellDebug.h"; sourceTree = "<group>"; };
		84B142DA2304F6E7009ADECF /* UITableView+FDTemplateLayoutCellDebug.m */ = {isa = PBXFileReference; fileEncoding = 4; lastKnownFileType = sourcecode.c.objc; path = "UITableView+FDTemplateLayoutCellDebug.m"; sourceTree = "<group>"; };
		84BAC57E2306859A0062B812 /* FMSecurityCodeInputView.h */ = {isa = PBXFileReference; lastKnownFileType = sourcecode.c.h; path = FMSecurityCodeInputView.h; sourceTree = "<group>"; };
		84BAC57F2306859A0062B812 /* FMSecurityCodeInputView.m */ = {isa = PBXFileReference; lastKnownFileType = sourcecode.c.objc; path = FMSecurityCodeInputView.m; sourceTree = "<group>"; };
		84BAC581230685CF0062B812 /* FMSecurityCodeInputView.xib */ = {isa = PBXFileReference; lastKnownFileType = file.xib; path = FMSecurityCodeInputView.xib; sourceTree = "<group>"; };
		84BAC58323069E950062B812 /* FMPhoneNumberInputView.h */ = {isa = PBXFileReference; lastKnownFileType = sourcecode.c.h; path = FMPhoneNumberInputView.h; sourceTree = "<group>"; };
		84BAC58423069E950062B812 /* FMPhoneNumberInputView.m */ = {isa = PBXFileReference; lastKnownFileType = sourcecode.c.objc; path = FMPhoneNumberInputView.m; sourceTree = "<group>"; };
		84BAC58623069EA50062B812 /* FMPhoneNumberInputView.xib */ = {isa = PBXFileReference; lastKnownFileType = file.xib; path = FMPhoneNumberInputView.xib; sourceTree = "<group>"; };
		84BAC5882306A51D0062B812 /* FMPasswordInputView.h */ = {isa = PBXFileReference; lastKnownFileType = sourcecode.c.h; path = FMPasswordInputView.h; sourceTree = "<group>"; };
		84BAC5892306A51D0062B812 /* FMPasswordInputView.m */ = {isa = PBXFileReference; lastKnownFileType = sourcecode.c.objc; path = FMPasswordInputView.m; sourceTree = "<group>"; };
		84BAC58B2306A5290062B812 /* FMPasswordInputView.xib */ = {isa = PBXFileReference; lastKnownFileType = file.xib; path = FMPasswordInputView.xib; sourceTree = "<group>"; };
		84BAC58D2306B2EB0062B812 /* FMSetPasswordView.h */ = {isa = PBXFileReference; lastKnownFileType = sourcecode.c.h; path = FMSetPasswordView.h; sourceTree = "<group>"; };
		84BAC58E2306B2EB0062B812 /* FMSetPasswordView.m */ = {isa = PBXFileReference; lastKnownFileType = sourcecode.c.objc; path = FMSetPasswordView.m; sourceTree = "<group>"; };
		84BAC5902306B3110062B812 /* FMSetPasswordView.xib */ = {isa = PBXFileReference; lastKnownFileType = file.xib; path = FMSetPasswordView.xib; sourceTree = "<group>"; };
		84BAC5922306B6B20062B812 /* FMSetPasswordController.h */ = {isa = PBXFileReference; lastKnownFileType = sourcecode.c.h; path = FMSetPasswordController.h; sourceTree = "<group>"; };
		84BAC5932306B6B20062B812 /* FMSetPasswordController.m */ = {isa = PBXFileReference; lastKnownFileType = sourcecode.c.objc; path = FMSetPasswordController.m; sourceTree = "<group>"; };
		84BAC5952306B6F20062B812 /* FMRegisterController.h */ = {isa = PBXFileReference; lastKnownFileType = sourcecode.c.h; path = FMRegisterController.h; sourceTree = "<group>"; };
		84BAC5962306B6F20062B812 /* FMRegisterController.m */ = {isa = PBXFileReference; lastKnownFileType = sourcecode.c.objc; path = FMRegisterController.m; sourceTree = "<group>"; };
		84BAC59D2306C6400062B812 /* FMRegisterView.h */ = {isa = PBXFileReference; lastKnownFileType = sourcecode.c.h; path = FMRegisterView.h; sourceTree = "<group>"; };
		84BAC59E2306C6400062B812 /* FMRegisterView.m */ = {isa = PBXFileReference; lastKnownFileType = sourcecode.c.objc; path = FMRegisterView.m; sourceTree = "<group>"; };
		84BAC5A02306C8AC0062B812 /* FMRegisterView.xib */ = {isa = PBXFileReference; fileEncoding = 4; lastKnownFileType = file.xib; path = FMRegisterView.xib; sourceTree = "<group>"; };
		84BAC5A22306CD3D0062B812 /* FMPhoneNumberInputViewModel.h */ = {isa = PBXFileReference; lastKnownFileType = sourcecode.c.h; path = FMPhoneNumberInputViewModel.h; sourceTree = "<group>"; };
		84BAC5A32306CD3D0062B812 /* FMPhoneNumberInputViewModel.m */ = {isa = PBXFileReference; lastKnownFileType = sourcecode.c.objc; path = FMPhoneNumberInputViewModel.m; sourceTree = "<group>"; };
		84D42D35230403F700249356 /* FMLoginModel.h */ = {isa = PBXFileReference; fileEncoding = 4; lastKnownFileType = sourcecode.c.h; path = FMLoginModel.h; sourceTree = "<group>"; };
		84D42D36230403F700249356 /* FMLoginModel.m */ = {isa = PBXFileReference; fileEncoding = 4; lastKnownFileType = sourcecode.c.objc; path = FMLoginModel.m; sourceTree = "<group>"; };
		84D42D38230403F700249356 /* FMLoginView.h */ = {isa = PBXFileReference; fileEncoding = 4; lastKnownFileType = sourcecode.c.h; path = FMLoginView.h; sourceTree = "<group>"; };
		84D42D39230403F700249356 /* FMLoginView.m */ = {isa = PBXFileReference; fileEncoding = 4; lastKnownFileType = sourcecode.c.objc; path = FMLoginView.m; sourceTree = "<group>"; };
		84D42D3B230403F700249356 /* FMLoginController.h */ = {isa = PBXFileReference; fileEncoding = 4; lastKnownFileType = sourcecode.c.h; path = FMLoginController.h; sourceTree = "<group>"; };
		84D42D3C230403F700249356 /* FMLoginController.m */ = {isa = PBXFileReference; fileEncoding = 4; lastKnownFileType = sourcecode.c.objc; path = FMLoginController.m; sourceTree = "<group>"; };
		84D42D3E230403F700249356 /* FMLoginViewModel.h */ = {isa = PBXFileReference; fileEncoding = 4; lastKnownFileType = sourcecode.c.h; path = FMLoginViewModel.h; sourceTree = "<group>"; };
		84D42D3F230403F700249356 /* FMLoginViewModel.m */ = {isa = PBXFileReference; fileEncoding = 4; lastKnownFileType = sourcecode.c.objc; path = FMLoginViewModel.m; sourceTree = "<group>"; };
		84D42D442304066E00249356 /* FMLoginView.xib */ = {isa = PBXFileReference; lastKnownFileType = file.xib; path = FMLoginView.xib; sourceTree = "<group>"; };
		84D42D462304E88100249356 /* UIView+Frame.h */ = {isa = PBXFileReference; lastKnownFileType = sourcecode.c.h; path = "UIView+Frame.h"; sourceTree = "<group>"; };
		84D42D472304E88100249356 /* UIView+Frame.m */ = {isa = PBXFileReference; lastKnownFileType = sourcecode.c.objc; path = "UIView+Frame.m"; sourceTree = "<group>"; };
		84D42D492304F16700249356 /* UIView+Visuals.h */ = {isa = PBXFileReference; fileEncoding = 4; lastKnownFileType = sourcecode.c.h; path = "UIView+Visuals.h"; sourceTree = "<group>"; };
		84D42D4A2304F16700249356 /* UIView+Visuals.m */ = {isa = PBXFileReference; fileEncoding = 4; lastKnownFileType = sourcecode.c.objc; path = "UIView+Visuals.m"; sourceTree = "<group>"; };
		84D7273223014D1B002D387A /* DLogHeader.h */ = {isa = PBXFileReference; fileEncoding = 4; lastKnownFileType = sourcecode.c.h; path = DLogHeader.h; sourceTree = "<group>"; };
		84D7273323014D1B002D387A /* ScreenSizeHeader.h */ = {isa = PBXFileReference; fileEncoding = 4; lastKnownFileType = sourcecode.c.h; path = ScreenSizeHeader.h; sourceTree = "<group>"; };
		84D7273423014D1B002D387A /* ThreeLibHeader.h */ = {isa = PBXFileReference; fileEncoding = 4; lastKnownFileType = sourcecode.c.h; path = ThreeLibHeader.h; sourceTree = "<group>"; };
		84D7273523014D1B002D387A /* WeakifyHeader.h */ = {isa = PBXFileReference; fileEncoding = 4; lastKnownFileType = sourcecode.c.h; path = WeakifyHeader.h; sourceTree = "<group>"; };
		84D7273623014D1B002D387A /* MacroHeader.h */ = {isa = PBXFileReference; fileEncoding = 4; lastKnownFileType = sourcecode.c.h; path = MacroHeader.h; sourceTree = "<group>"; };
		84D7273923014D1B002D387A /* FMTableViewCell.h */ = {isa = PBXFileReference; fileEncoding = 4; lastKnownFileType = sourcecode.c.h; path = FMTableViewCell.h; sourceTree = "<group>"; };
		84D7273A23014D1B002D387A /* FMTableViewCell.m */ = {isa = PBXFileReference; fileEncoding = 4; lastKnownFileType = sourcecode.c.objc; path = FMTableViewCell.m; sourceTree = "<group>"; };
		84D7273B23014D1B002D387A /* FMTableViewCellProtocol.h */ = {isa = PBXFileReference; fileEncoding = 4; lastKnownFileType = sourcecode.c.h; path = FMTableViewCellProtocol.h; sourceTree = "<group>"; };
		84D7273C23014D1B002D387A /* FMView.h */ = {isa = PBXFileReference; fileEncoding = 4; lastKnownFileType = sourcecode.c.h; path = FMView.h; sourceTree = "<group>"; };
		84D7273D23014D1B002D387A /* FMView.m */ = {isa = PBXFileReference; fileEncoding = 4; lastKnownFileType = sourcecode.c.objc; path = FMView.m; sourceTree = "<group>"; };
		84D7273E23014D1B002D387A /* FMViewProtocol.h */ = {isa = PBXFileReference; fileEncoding = 4; lastKnownFileType = sourcecode.c.h; path = FMViewProtocol.h; sourceTree = "<group>"; };
		84D7274023014D1B002D387A /* FMViewController.h */ = {isa = PBXFileReference; fileEncoding = 4; lastKnownFileType = sourcecode.c.h; path = FMViewController.h; sourceTree = "<group>"; };
		84D7274123014D1B002D387A /* FMViewController.m */ = {isa = PBXFileReference; fileEncoding = 4; lastKnownFileType = sourcecode.c.objc; path = FMViewController.m; sourceTree = "<group>"; };
		84D7274223014D1B002D387A /* FMViewControllerProtocol.h */ = {isa = PBXFileReference; fileEncoding = 4; lastKnownFileType = sourcecode.c.h; path = FMViewControllerProtocol.h; sourceTree = "<group>"; };
		84D7274423014D1B002D387A /* FMViewModel.h */ = {isa = PBXFileReference; fileEncoding = 4; lastKnownFileType = sourcecode.c.h; path = FMViewModel.h; sourceTree = "<group>"; };
		84D7274523014D1B002D387A /* FMViewModel.m */ = {isa = PBXFileReference; fileEncoding = 4; lastKnownFileType = sourcecode.c.objc; path = FMViewModel.m; sourceTree = "<group>"; };
		84D7274623014D1B002D387A /* FMViewModelProtocol.h */ = {isa = PBXFileReference; fileEncoding = 4; lastKnownFileType = sourcecode.c.h; path = FMViewModelProtocol.h; sourceTree = "<group>"; };
		84D727FB23014D1B002D387A /* UIColor+Zirkfied.h */ = {isa = PBXFileReference; fileEncoding = 4; lastKnownFileType = sourcecode.c.h; path = "UIColor+Zirkfied.h"; sourceTree = "<group>"; };
		84D727FC23014D1B002D387A /* UIColor+Zirkfied.m */ = {isa = PBXFileReference; fileEncoding = 4; lastKnownFileType = sourcecode.c.objc; path = "UIColor+Zirkfied.m"; sourceTree = "<group>"; };
		84D727FD23014D1B002D387A /* UIImage+Zirkfied.h */ = {isa = PBXFileReference; fileEncoding = 4; lastKnownFileType = sourcecode.c.h; path = "UIImage+Zirkfied.h"; sourceTree = "<group>"; };
		84D727FE23014D1B002D387A /* UIImage+Zirkfied.m */ = {isa = PBXFileReference; fileEncoding = 4; lastKnownFileType = sourcecode.c.objc; path = "UIImage+Zirkfied.m"; sourceTree = "<group>"; };
		84D7280023014D1B002D387A /* ZFMaskView.h */ = {isa = PBXFileReference; fileEncoding = 4; lastKnownFileType = sourcecode.c.h; path = ZFMaskView.h; sourceTree = "<group>"; };
		84D7280123014D1B002D387A /* ZFMaskView.m */ = {isa = PBXFileReference; fileEncoding = 4; lastKnownFileType = sourcecode.c.objc; path = ZFMaskView.m; sourceTree = "<group>"; };
		84D7280323014D1B002D387A /* ZFColor.h */ = {isa = PBXFileReference; fileEncoding = 4; lastKnownFileType = sourcecode.c.h; path = ZFColor.h; sourceTree = "<group>"; };
		84D7280423014D1B002D387A /* ZFConst.h */ = {isa = PBXFileReference; fileEncoding = 4; lastKnownFileType = sourcecode.c.h; path = ZFConst.h; sourceTree = "<group>"; };
		84D7280523014D1B002D387A /* ZFConst.m */ = {isa = PBXFileReference; fileEncoding = 4; lastKnownFileType = sourcecode.c.objc; path = ZFConst.m; sourceTree = "<group>"; };
		84D7280723014D1B002D387A /* Down@2x.png */ = {isa = PBXFileReference; lastKnownFileType = image.png; path = "Down@2x.png"; sourceTree = "<group>"; };
		84D7280823014D1B002D387A /* Flashlight_H@2x.png */ = {isa = PBXFileReference; lastKnownFileType = image.png; path = "Flashlight_H@2x.png"; sourceTree = "<group>"; };
		84D7280923014D1B002D387A /* Flashlight_N@2x.png */ = {isa = PBXFileReference; lastKnownFileType = image.png; path = "Flashlight_N@2x.png"; sourceTree = "<group>"; };
		84D7280A23014D1B002D387A /* QRCodeScanLine@2x.png */ = {isa = PBXFileReference; lastKnownFileType = image.png; path = "QRCodeScanLine@2x.png"; sourceTree = "<group>"; };
		84D7280B23014D1B002D387A /* ScanQR1@2x.png */ = {isa = PBXFileReference; lastKnownFileType = image.png; path = "ScanQR1@2x.png"; sourceTree = "<group>"; };
		84D7280C23014D1B002D387A /* ScanQR2@2x.png */ = {isa = PBXFileReference; lastKnownFileType = image.png; path = "ScanQR2@2x.png"; sourceTree = "<group>"; };
		84D7280D23014D1B002D387A /* ScanQR3@2x.png */ = {isa = PBXFileReference; lastKnownFileType = image.png; path = "ScanQR3@2x.png"; sourceTree = "<group>"; };
		84D7280E23014D1B002D387A /* ScanQR4@2x.png */ = {isa = PBXFileReference; lastKnownFileType = image.png; path = "ScanQR4@2x.png"; sourceTree = "<group>"; };
		84D7280F23014D1B002D387A /* ZFScanViewController.h */ = {isa = PBXFileReference; fileEncoding = 4; lastKnownFileType = sourcecode.c.h; path = ZFScanViewController.h; sourceTree = "<group>"; };
		84D7281023014D1B002D387A /* ZFScanViewController.m */ = {isa = PBXFileReference; fileEncoding = 4; lastKnownFileType = sourcecode.c.objc; path = ZFScanViewController.m; sourceTree = "<group>"; };
		84D7281323014D1B002D387A /* CommonManager.h */ = {isa = PBXFileReference; fileEncoding = 4; lastKnownFileType = sourcecode.c.h; path = CommonManager.h; sourceTree = "<group>"; };
		84D7281423014D1B002D387A /* CommonManager.m */ = {isa = PBXFileReference; fileEncoding = 4; lastKnownFileType = sourcecode.c.objc; path = CommonManager.m; sourceTree = "<group>"; };
		84D7281623014D1B002D387A /* GCDDispatchManager.h */ = {isa = PBXFileReference; fileEncoding = 4; lastKnownFileType = sourcecode.c.h; path = GCDDispatchManager.h; sourceTree = "<group>"; };
		84D7281723014D1B002D387A /* GCDDispatchManager.m */ = {isa = PBXFileReference; fileEncoding = 4; lastKnownFileType = sourcecode.c.objc; path = GCDDispatchManager.m; sourceTree = "<group>"; };
		84D7281923014D1B002D387A /* PlatformConfig.h */ = {isa = PBXFileReference; fileEncoding = 4; lastKnownFileType = sourcecode.c.h; path = PlatformConfig.h; sourceTree = "<group>"; };
		84D7281A23014D1B002D387A /* PlatformConfig.mm */ = {isa = PBXFileReference; fileEncoding = 4; lastKnownFileType = sourcecode.cpp.objcpp; path = PlatformConfig.mm; sourceTree = "<group>"; };
		84DD3F9623015B04001171F1 /* ChainBlockType.h */ = {isa = PBXFileReference; fileEncoding = 4; lastKnownFileType = sourcecode.c.h; path = ChainBlockType.h; sourceTree = "<group>"; };
		84DD3F9823015B04001171F1 /* UIAlertController+Chain.h */ = {isa = PBXFileReference; fileEncoding = 4; lastKnownFileType = sourcecode.c.h; path = "UIAlertController+Chain.h"; sourceTree = "<group>"; };
		84DD3F9923015B04001171F1 /* UIAlertController+Chain.m */ = {isa = PBXFileReference; fileEncoding = 4; lastKnownFileType = sourcecode.c.objc; path = "UIAlertController+Chain.m"; sourceTree = "<group>"; };
		84DD3F9A23015B04001171F1 /* UINavigationController+Chain.h */ = {isa = PBXFileReference; fileEncoding = 4; lastKnownFileType = sourcecode.c.h; path = "UINavigationController+Chain.h"; sourceTree = "<group>"; };
		84DD3F9B23015B04001171F1 /* UINavigationController+Chain.m */ = {isa = PBXFileReference; fileEncoding = 4; lastKnownFileType = sourcecode.c.objc; path = "UINavigationController+Chain.m"; sourceTree = "<group>"; };
		84DD3F9C23015B04001171F1 /* UIViewController+Chain.h */ = {isa = PBXFileReference; fileEncoding = 4; lastKnownFileType = sourcecode.c.h; path = "UIViewController+Chain.h"; sourceTree = "<group>"; };
		84DD3F9D23015B04001171F1 /* UIViewController+Chain.m */ = {isa = PBXFileReference; fileEncoding = 4; lastKnownFileType = sourcecode.c.objc; path = "UIViewController+Chain.m"; sourceTree = "<group>"; };
		84DD3F9F23015B04001171F1 /* NSArray+Chain.h */ = {isa = PBXFileReference; fileEncoding = 4; lastKnownFileType = sourcecode.c.h; path = "NSArray+Chain.h"; sourceTree = "<group>"; };
		84DD3FA023015B04001171F1 /* NSArray+Chain.m */ = {isa = PBXFileReference; fileEncoding = 4; lastKnownFileType = sourcecode.c.objc; path = "NSArray+Chain.m"; sourceTree = "<group>"; };
		84DD3FA123015B04001171F1 /* NSObject+Chain.h */ = {isa = PBXFileReference; fileEncoding = 4; lastKnownFileType = sourcecode.c.h; path = "NSObject+Chain.h"; sourceTree = "<group>"; };
		84DD3FA223015B04001171F1 /* NSObject+Chain.m */ = {isa = PBXFileReference; fileEncoding = 4; lastKnownFileType = sourcecode.c.objc; path = "NSObject+Chain.m"; sourceTree = "<group>"; };
		84DD3FA423015B04001171F1 /* NSObject+CheckNull.h */ = {isa = PBXFileReference; fileEncoding = 4; lastKnownFileType = sourcecode.c.h; path = "NSObject+CheckNull.h"; sourceTree = "<group>"; };
		84DD3FA523015B04001171F1 /* NSObject+CheckNull.m */ = {isa = PBXFileReference; fileEncoding = 4; lastKnownFileType = sourcecode.c.objc; path = "NSObject+CheckNull.m"; sourceTree = "<group>"; };
		84DD3FA623015B04001171F1 /* NSString+Chain.h */ = {isa = PBXFileReference; fileEncoding = 4; lastKnownFileType = sourcecode.c.h; path = "NSString+Chain.h"; sourceTree = "<group>"; };
		84DD3FA723015B04001171F1 /* NSString+Chain.m */ = {isa = PBXFileReference; fileEncoding = 4; lastKnownFileType = sourcecode.c.objc; path = "NSString+Chain.m"; sourceTree = "<group>"; };
		84DD3FA823015B04001171F1 /* NSTimer+Chain.h */ = {isa = PBXFileReference; fileEncoding = 4; lastKnownFileType = sourcecode.c.h; path = "NSTimer+Chain.h"; sourceTree = "<group>"; };
		84DD3FA923015B04001171F1 /* NSTimer+Chain.m */ = {isa = PBXFileReference; fileEncoding = 4; lastKnownFileType = sourcecode.c.objc; path = "NSTimer+Chain.m"; sourceTree = "<group>"; };
		84DD3FAB23015B04001171F1 /* UIBarButtonItem+Chain.h */ = {isa = PBXFileReference; fileEncoding = 4; lastKnownFileType = sourcecode.c.h; path = "UIBarButtonItem+Chain.h"; sourceTree = "<group>"; };
		84DD3FAC23015B04001171F1 /* UIBarButtonItem+Chain.m */ = {isa = PBXFileReference; fileEncoding = 4; lastKnownFileType = sourcecode.c.objc; path = "UIBarButtonItem+Chain.m"; sourceTree = "<group>"; };
		84DD3FAD23015B04001171F1 /* UIButton+Chain.h */ = {isa = PBXFileReference; fileEncoding = 4; lastKnownFileType = sourcecode.c.h; path = "UIButton+Chain.h"; sourceTree = "<group>"; };
		84DD3FAE23015B04001171F1 /* UIButton+Chain.m */ = {isa = PBXFileReference; fileEncoding = 4; lastKnownFileType = sourcecode.c.objc; path = "UIButton+Chain.m"; sourceTree = "<group>"; };
		84DD3FAF23015B04001171F1 /* UICollectionView+Chain.h */ = {isa = PBXFileReference; fileEncoding = 4; lastKnownFileType = sourcecode.c.h; path = "UICollectionView+Chain.h"; sourceTree = "<group>"; };
		84DD3FB023015B04001171F1 /* UICollectionView+Chain.m */ = {isa = PBXFileReference; fileEncoding = 4; lastKnownFileType = sourcecode.c.objc; path = "UICollectionView+Chain.m"; sourceTree = "<group>"; };
		84DD3FB123015B04001171F1 /* UICollectionViewCell+Chain.h */ = {isa = PBXFileReference; fileEncoding = 4; lastKnownFileType = sourcecode.c.h; path = "UICollectionViewCell+Chain.h"; sourceTree = "<group>"; };
		84DD3FB223015B04001171F1 /* UICollectionViewCell+Chain.m */ = {isa = PBXFileReference; fileEncoding = 4; lastKnownFileType = sourcecode.c.objc; path = "UICollectionViewCell+Chain.m"; sourceTree = "<group>"; };
		84DD3FB323015B04001171F1 /* UIColor+Chain.h */ = {isa = PBXFileReference; fileEncoding = 4; lastKnownFileType = sourcecode.c.h; path = "UIColor+Chain.h"; sourceTree = "<group>"; };
		84DD3FB423015B04001171F1 /* UIColor+Chain.m */ = {isa = PBXFileReference; fileEncoding = 4; lastKnownFileType = sourcecode.c.objc; path = "UIColor+Chain.m"; sourceTree = "<group>"; };
		84DD3FB523015B04001171F1 /* UIControl+Chain.h */ = {isa = PBXFileReference; fileEncoding = 4; lastKnownFileType = sourcecode.c.h; path = "UIControl+Chain.h"; sourceTree = "<group>"; };
		84DD3FB623015B04001171F1 /* UIControl+Chain.m */ = {isa = PBXFileReference; fileEncoding = 4; lastKnownFileType = sourcecode.c.objc; path = "UIControl+Chain.m"; sourceTree = "<group>"; };
		84DD3FB723015B04001171F1 /* UIImage+Chain.h */ = {isa = PBXFileReference; fileEncoding = 4; lastKnownFileType = sourcecode.c.h; path = "UIImage+Chain.h"; sourceTree = "<group>"; };
		84DD3FB823015B04001171F1 /* UIImage+Chain.m */ = {isa = PBXFileReference; fileEncoding = 4; lastKnownFileType = sourcecode.c.objc; path = "UIImage+Chain.m"; sourceTree = "<group>"; };
		84DD3FB923015B04001171F1 /* UILabel+Chain.h */ = {isa = PBXFileReference; fileEncoding = 4; lastKnownFileType = sourcecode.c.h; path = "UILabel+Chain.h"; sourceTree = "<group>"; };
		84DD3FBA23015B04001171F1 /* UILabel+Chain.m */ = {isa = PBXFileReference; fileEncoding = 4; lastKnownFileType = sourcecode.c.objc; path = "UILabel+Chain.m"; sourceTree = "<group>"; };
		84DD3FBB23015B04001171F1 /* UINavigationItem+Chain.h */ = {isa = PBXFileReference; fileEncoding = 4; lastKnownFileType = sourcecode.c.h; path = "UINavigationItem+Chain.h"; sourceTree = "<group>"; };
		84DD3FBC23015B04001171F1 /* UINavigationItem+Chain.m */ = {isa = PBXFileReference; fileEncoding = 4; lastKnownFileType = sourcecode.c.objc; path = "UINavigationItem+Chain.m"; sourceTree = "<group>"; };
		84DD3FBD23015B04001171F1 /* UIScrollView+Chain.h */ = {isa = PBXFileReference; fileEncoding = 4; lastKnownFileType = sourcecode.c.h; path = "UIScrollView+Chain.h"; sourceTree = "<group>"; };
		84DD3FBE23015B04001171F1 /* UIScrollView+Chain.m */ = {isa = PBXFileReference; fileEncoding = 4; lastKnownFileType = sourcecode.c.objc; path = "UIScrollView+Chain.m"; sourceTree = "<group>"; };
		84DD3FBF23015B04001171F1 /* UITableView+Chain.h */ = {isa = PBXFileReference; fileEncoding = 4; lastKnownFileType = sourcecode.c.h; path = "UITableView+Chain.h"; sourceTree = "<group>"; };
		84DD3FC023015B04001171F1 /* UITableView+Chain.m */ = {isa = PBXFileReference; fileEncoding = 4; lastKnownFileType = sourcecode.c.objc; path = "UITableView+Chain.m"; sourceTree = "<group>"; };
		84DD3FC123015B04001171F1 /* UITableViewCell+Chain.h */ = {isa = PBXFileReference; fileEncoding = 4; lastKnownFileType = sourcecode.c.h; path = "UITableViewCell+Chain.h"; sourceTree = "<group>"; };
		84DD3FC223015B04001171F1 /* UITableViewCell+Chain.m */ = {isa = PBXFileReference; fileEncoding = 4; lastKnownFileType = sourcecode.c.objc; path = "UITableViewCell+Chain.m"; sourceTree = "<group>"; };
		84DD3FC323015B04001171F1 /* UITextField+Chain.h */ = {isa = PBXFileReference; fileEncoding = 4; lastKnownFileType = sourcecode.c.h; path = "UITextField+Chain.h"; sourceTree = "<group>"; };
		84DD3FC423015B04001171F1 /* UITextField+Chain.m */ = {isa = PBXFileReference; fileEncoding = 4; lastKnownFileType = sourcecode.c.objc; path = "UITextField+Chain.m"; sourceTree = "<group>"; };
		84DD3FC523015B04001171F1 /* UIView+Chain.h */ = {isa = PBXFileReference; fileEncoding = 4; lastKnownFileType = sourcecode.c.h; path = "UIView+Chain.h"; sourceTree = "<group>"; };
		84DD3FC623015B04001171F1 /* UIView+Chain.m */ = {isa = PBXFileReference; fileEncoding = 4; lastKnownFileType = sourcecode.c.objc; path = "UIView+Chain.m"; sourceTree = "<group>"; };
		84DD3FC823015B04001171F1 /* UIView+Seek.h */ = {isa = PBXFileReference; fileEncoding = 4; lastKnownFileType = sourcecode.c.h; path = "UIView+Seek.h"; sourceTree = "<group>"; };
		84DD3FC923015B04001171F1 /* UIView+Seek.m */ = {isa = PBXFileReference; fileEncoding = 4; lastKnownFileType = sourcecode.c.objc; path = "UIView+Seek.m"; sourceTree = "<group>"; };
		84DD3FCA23015B04001171F1 /* ChainKit.h */ = {isa = PBXFileReference; fileEncoding = 4; lastKnownFileType = sourcecode.c.h; path = ChainKit.h; sourceTree = "<group>"; };
		84DD40E523016436001171F1 /* FMModel+RuntimeCopy.h */ = {isa = PBXFileReference; fileEncoding = 4; lastKnownFileType = sourcecode.c.h; path = "FMModel+RuntimeCopy.h"; sourceTree = "<group>"; };
		84DD40E623016436001171F1 /* FMModel+RuntimeCopy.m */ = {isa = PBXFileReference; fileEncoding = 4; lastKnownFileType = sourcecode.c.objc; path = "FMModel+RuntimeCopy.m"; sourceTree = "<group>"; };
		84DD40E92301645C001171F1 /* FMModel.h */ = {isa = PBXFileReference; fileEncoding = 4; lastKnownFileType = sourcecode.c.h; path = FMModel.h; sourceTree = "<group>"; };
		84DD40EA2301645C001171F1 /* FMModel.m */ = {isa = PBXFileReference; fileEncoding = 4; lastKnownFileType = sourcecode.c.objc; path = FMModel.m; sourceTree = "<group>"; };
		84FE047B230B8AAE00E83754 /* FMGoodsSectionCell.h */ = {isa = PBXFileReference; lastKnownFileType = sourcecode.c.h; path = FMGoodsSectionCell.h; sourceTree = "<group>"; };
		84FE047C230B8AAE00E83754 /* FMGoodsSectionCell.m */ = {isa = PBXFileReference; lastKnownFileType = sourcecode.c.objc; path = FMGoodsSectionCell.m; sourceTree = "<group>"; };
		84FE047D230B8AAE00E83754 /* FMGoodsSectionCell.xib */ = {isa = PBXFileReference; lastKnownFileType = file.xib; path = FMGoodsSectionCell.xib; sourceTree = "<group>"; };
		84FE0480230BC3AE00E83754 /* FMCollectionViewCell.h */ = {isa = PBXFileReference; lastKnownFileType = sourcecode.c.h; path = FMCollectionViewCell.h; sourceTree = "<group>"; };
		84FE0481230BC3AE00E83754 /* FMCollectionViewCell.m */ = {isa = PBXFileReference; lastKnownFileType = sourcecode.c.objc; path = FMCollectionViewCell.m; sourceTree = "<group>"; };
		84FE0483230BC40400E83754 /* FMCollectionViewCellProtocol.h */ = {isa = PBXFileReference; lastKnownFileType = sourcecode.c.h; path = FMCollectionViewCellProtocol.h; sourceTree = "<group>"; };
		84FE0487230BC72300E83754 /* FMMeView.h */ = {isa = PBXFileReference; lastKnownFileType = sourcecode.c.h; path = FMMeView.h; sourceTree = "<group>"; };
		84FE0488230BC72300E83754 /* FMMeView.m */ = {isa = PBXFileReference; lastKnownFileType = sourcecode.c.objc; path = FMMeView.m; sourceTree = "<group>"; };
		84FE048A230BC72D00E83754 /* FMMeView.xib */ = {isa = PBXFileReference; lastKnownFileType = file.xib; path = FMMeView.xib; sourceTree = "<group>"; };
		9061A6A03D5FF6522BD79287 /* Pods-SeventreesUser.debug.xcconfig */ = {isa = PBXFileReference; includeInIndex = 1; lastKnownFileType = text.xcconfig; name = "Pods-SeventreesUser.debug.xcconfig"; path = "Target Support Files/Pods-SeventreesUser/Pods-SeventreesUser.debug.xcconfig"; sourceTree = "<group>"; };
		E526D20361804ADF582EE2C0 /* libPods-SeventreesUser.a */ = {isa = PBXFileReference; explicitFileType = archive.ar; includeInIndex = 0; path = "libPods-SeventreesUser.a"; sourceTree = BUILT_PRODUCTS_DIR; };
/* End PBXFileReference section */

/* Begin PBXFrameworksBuildPhase section */
		849CBF872300FBAA003821E4 /* Frameworks */ = {
			isa = PBXFrameworksBuildPhase;
			buildActionMask = 2147483647;
			files = (
				08045B351A189E7F959DD3B6 /* libPods-SeventreesUser.a in Frameworks */,
			);
			runOnlyForDeploymentPostprocessing = 0;
		};
/* End PBXFrameworksBuildPhase section */

/* Begin PBXGroup section */
		84065CFB230A383B00D39225 /* View */ = {
			isa = PBXGroup;
			children = (
				84065CFC230A386600D39225 /* DialogBoxView.h */,
				84065CFD230A386600D39225 /* DialogBoxView.m */,
				84065CFF230A38B700D39225 /* DialogBoxView.xib */,
				84065D02230A73D400D39225 /* SearchBarView.h */,
				84065D03230A73D400D39225 /* SearchBarView.m */,
				84065D05230A73DE00D39225 /* SearchBarView.xib */,
			);
			path = View;
			sourceTree = "<group>";
		};
		84065D01230A737900D39225 /* View */ = {
			isa = PBXGroup;
			children = (
				846A4906230A82FA00D2EAFB /* FMHomeView.h */,
				846A4907230A82FA00D2EAFB /* FMHomeView.m */,
				846A4909230A830400D2EAFB /* FMHomeView.xib */,
				846A4918230AACC700D2EAFB /* FMMenuView.h */,
				846A4919230AACC700D2EAFB /* FMMenuView.m */,
				846A491B230ABDD500D2EAFB /* FMMenuView.xib */,
				844776A5230AC6C4008AE242 /* FMStoreView.h */,
				844776A6230AC6C4008AE242 /* FMStoreView.m */,
				844776A8230AC6E0008AE242 /* FMStoreView.xib */,
				844776AA230ACB97008AE242 /* FMGoodsView.h */,
				844776AB230ACB97008AE242 /* FMGoodsView.m */,
				844776AD230ACBA0008AE242 /* FMGoodsView.xib */,
				84FE047B230B8AAE00E83754 /* FMGoodsSectionCell.h */,
				84FE047C230B8AAE00E83754 /* FMGoodsSectionCell.m */,
				84FE047D230B8AAE00E83754 /* FMGoodsSectionCell.xib */,
				844776AF230AD1A6008AE242 /* FMGoodsCell.h */,
				844776B0230AD1A6008AE242 /* FMGoodsCell.m */,
				844776B1230AD1A6008AE242 /* FMGoodsCell.xib */,
			);
			path = View;
			sourceTree = "<group>";
		};
		84468D382302517B0073D640 /* Shopping */ = {
			isa = PBXGroup;
			children = (
				84468D44230254280073D640 /* FMShoppingController.h */,
				84468D45230254280073D640 /* FMShoppingController.m */,
			);
			path = Shopping;
			sourceTree = "<group>";
		};
		84468D3A230251AB0073D640 /* FMSection */ = {
			isa = PBXGroup;
			children = (
				84468D3C230253210073D640 /* Home */,
				84468D3B230252E90073D640 /* Menu */,
				84468D382302517B0073D640 /* Shopping */,
				84468D3D230253260073D640 /* Me */,
				84D42D2A2304022100249356 /* Welcome */,
			);
			path = FMSection;
			sourceTree = "<group>";
		};
		84468D3B230252E90073D640 /* Menu */ = {
			isa = PBXGroup;
			children = (
				84468D41230253F80073D640 /* FMMenuController.h */,
				84468D42230253F80073D640 /* FMMenuController.m */,
			);
			path = Menu;
			sourceTree = "<group>";
		};
		84468D3C230253210073D640 /* Home */ = {
			isa = PBXGroup;
			children = (
				846A4905230A826000D2EAFB /* Controller */,
				84065D01230A737900D39225 /* View */,
			);
			path = Home;
			sourceTree = "<group>";
		};
		84468D3D230253260073D640 /* Me */ = {
			isa = PBXGroup;
			children = (
				84FE0485230BC67400E83754 /* Controller */,
				84FE0484230BC66500E83754 /* View */,
				84FE0486230BC69B00E83754 /* ViewModel */,
			);
			path = Me;
			sourceTree = "<group>";
		};
		846A4905230A826000D2EAFB /* Controller */ = {
			isa = PBXGroup;
			children = (
				846A490B230A8F1B00D2EAFB /* FMHomeController.h */,
				846A490C230A8F1B00D2EAFB /* FMHomeController.m */,
			);
			path = Controller;
			sourceTree = "<group>";
		};
		846A490E230A913200D2EAFB /* LMJVerticalScrollText */ = {
			isa = PBXGroup;
			children = (
				846A490F230A913200D2EAFB /* LMJVerticalScrollText.h */,
				846A4910230A913200D2EAFB /* LMJVerticalScrollText.m */,
				846A4911230A913200D2EAFB /* UILabel+ForLMJVerticalScrollText.h */,
				846A4912230A913200D2EAFB /* UILabel+ForLMJVerticalScrollText.m */,
				846A4913230A913200D2EAFB /* UIView+ForLMJVerticalScrollText.h */,
				846A4914230A913200D2EAFB /* UIView+ForLMJVerticalScrollText.m */,
			);
			path = LMJVerticalScrollText;
			sourceTree = "<group>";
		};
		849CBF812300FBAA003821E4 = {
			isa = PBXGroup;
			children = (
				849CBF8C2300FBAA003821E4 /* SeventreesUser */,
				849CBF8B2300FBAA003821E4 /* Products */,
				975B52EF50DC2D036D6E1494 /* Pods */,
				F42963049D5966A52EF093F3 /* Frameworks */,
			);
			sourceTree = "<group>";
		};
		849CBF8B2300FBAA003821E4 /* Products */ = {
			isa = PBXGroup;
			children = (
				849CBF8A2300FBAA003821E4 /* SeventreesUser.app */,
			);
			name = Products;
			sourceTree = "<group>";
		};
		849CBF8C2300FBAA003821E4 /* SeventreesUser */ = {
			isa = PBXGroup;
			children = (
				849CBFA9230113B2003821E4 /* Classes */,
				849CBFBA23014544003821E4 /* Resources */,
				849CBF9B2300FBAC003821E4 /* Info.plist */,
			);
			path = SeventreesUser;
			sourceTree = "<group>";
		};
		849CBFA9230113B2003821E4 /* Classes */ = {
			isa = PBXGroup;
			children = (
				849CBFB0230113B2003821E4 /* General */,
				84468D3A230251AB0073D640 /* FMSection */,
			);
			path = Classes;
			sourceTree = "<group>";
		};
		849CBFAA230113B2003821E4 /* AppDelegate */ = {
			isa = PBXGroup;
			children = (
				849CBFAB230113B2003821E4 /* AppDelegate+AppInit.h */,
				849CBFAC230113B2003821E4 /* AppDelegate+AppInit.m */,
				849CBFAD230113B2003821E4 /* AppDelegate.h */,
				849CBFAE230113B2003821E4 /* AppDelegate.m */,
				849CBFAF230113B2003821E4 /* main.m */,
			);
			path = AppDelegate;
			sourceTree = "<group>";
		};
		849CBFB0230113B2003821E4 /* General */ = {
			isa = PBXGroup;
			children = (
				84D7281123014D1B002D387A /* Basic */,
				849CBFB523011732003821E4 /* Common */,
				849CBFAA230113B2003821E4 /* AppDelegate */,
			);
			path = General;
			sourceTree = "<group>";
		};
		849CBFB523011732003821E4 /* Common */ = {
			isa = PBXGroup;
			children = (
				84065CFB230A383B00D39225 /* View */,
				849CBFB623011739003821E4 /* Controller */,
			);
			path = Common;
			sourceTree = "<group>";
		};
		849CBFB623011739003821E4 /* Controller */ = {
			isa = PBXGroup;
			children = (
				849CBFB72301176F003821E4 /* MainTabBarController.h */,
				849CBFB82301176F003821E4 /* MainTabBarController.m */,
				84468D4A230256B20073D640 /* BaseNavigationController.h */,
				84468D4B230256B20073D640 /* BaseNavigationController.m */,
			);
			path = Controller;
			sourceTree = "<group>";
		};
		849CBFBA23014544003821E4 /* Resources */ = {
			isa = PBXGroup;
			children = (
				849CBFBB23014544003821E4 /* Assets.xcassets */,
				849CBFBC23014544003821E4 /* LaunchScreen.storyboard */,
			);
			path = Resources;
			sourceTree = "<group>";
		};
		84B142D22304F6E7009ADECF /* UITableView+FDTemplateLayoutCell */ = {
			isa = PBXGroup;
			children = (
				84B142D32304F6E7009ADECF /* UITableView+FDIndexPathHeightCache.h */,
				84B142D42304F6E7009ADECF /* UITableView+FDIndexPathHeightCache.m */,
				84B142D52304F6E7009ADECF /* UITableView+FDKeyedHeightCache.h */,
				84B142D62304F6E7009ADECF /* UITableView+FDKeyedHeightCache.m */,
				84B142D72304F6E7009ADECF /* UITableView+FDTemplateLayoutCell.h */,
				84B142D82304F6E7009ADECF /* UITableView+FDTemplateLayoutCell.m */,
				84B142D92304F6E7009ADECF /* UITableView+FDTemplateLayoutCellDebug.h */,
				84B142DA2304F6E7009ADECF /* UITableView+FDTemplateLayoutCellDebug.m */,
			);
			path = "UITableView+FDTemplateLayoutCell";
			sourceTree = "<group>";
		};
		84BAC57D230684F00062B812 /* InputViewFactory */ = {
			isa = PBXGroup;
			children = (
				84BAC58323069E950062B812 /* FMPhoneNumberInputView.h */,
				84BAC58423069E950062B812 /* FMPhoneNumberInputView.m */,
				84BAC58623069EA50062B812 /* FMPhoneNumberInputView.xib */,
				84BAC5A22306CD3D0062B812 /* FMPhoneNumberInputViewModel.h */,
				84BAC5A32306CD3D0062B812 /* FMPhoneNumberInputViewModel.m */,
				84BAC57E2306859A0062B812 /* FMSecurityCodeInputView.h */,
				84BAC57F2306859A0062B812 /* FMSecurityCodeInputView.m */,
				84BAC581230685CF0062B812 /* FMSecurityCodeInputView.xib */,
				84BAC5882306A51D0062B812 /* FMPasswordInputView.h */,
				84BAC5892306A51D0062B812 /* FMPasswordInputView.m */,
				84BAC58B2306A5290062B812 /* FMPasswordInputView.xib */,
			);
			path = InputViewFactory;
			sourceTree = "<group>";
		};
		84D42D2A2304022100249356 /* Welcome */ = {
			isa = PBXGroup;
			children = (
				84D42D33230403F700249356 /* Login */,
				84D42D2F230402C200249356 /* Register */,
			);
			path = Welcome;
			sourceTree = "<group>";
		};
		84D42D2F230402C200249356 /* Register */ = {
			isa = PBXGroup;
			children = (
			);
			path = Register;
			sourceTree = "<group>";
		};
		84D42D33230403F700249356 /* Login */ = {
			isa = PBXGroup;
			children = (
				84D42D3A230403F700249356 /* Controller */,
				84D42D37230403F700249356 /* View */,
				84D42D3D230403F700249356 /* ViewModel */,
				84D42D34230403F700249356 /* Model */,
			);
			path = Login;
			sourceTree = "<group>";
		};
		84D42D34230403F700249356 /* Model */ = {
			isa = PBXGroup;
			children = (
				84D42D35230403F700249356 /* FMLoginModel.h */,
				84D42D36230403F700249356 /* FMLoginModel.m */,
			);
			path = Model;
			sourceTree = "<group>";
		};
		84D42D37230403F700249356 /* View */ = {
			isa = PBXGroup;
			children = (
				84D42D38230403F700249356 /* FMLoginView.h */,
				84D42D39230403F700249356 /* FMLoginView.m */,
				84D42D442304066E00249356 /* FMLoginView.xib */,
				84BAC58D2306B2EB0062B812 /* FMSetPasswordView.h */,
				84BAC58E2306B2EB0062B812 /* FMSetPasswordView.m */,
				84BAC5902306B3110062B812 /* FMSetPasswordView.xib */,
				84BAC59D2306C6400062B812 /* FMRegisterView.h */,
				84BAC59E2306C6400062B812 /* FMRegisterView.m */,
				84BAC5A02306C8AC0062B812 /* FMRegisterView.xib */,
				84BAC57D230684F00062B812 /* InputViewFactory */,
			);
			path = View;
			sourceTree = "<group>";
		};
		84D42D3A230403F700249356 /* Controller */ = {
			isa = PBXGroup;
			children = (
				84D42D3B230403F700249356 /* FMLoginController.h */,
				84D42D3C230403F700249356 /* FMLoginController.m */,
				84BAC5922306B6B20062B812 /* FMSetPasswordController.h */,
				84BAC5932306B6B20062B812 /* FMSetPasswordController.m */,
				84BAC5952306B6F20062B812 /* FMRegisterController.h */,
				84BAC5962306B6F20062B812 /* FMRegisterController.m */,
			);
			path = Controller;
			sourceTree = "<group>";
		};
		84D42D3D230403F700249356 /* ViewModel */ = {
			isa = PBXGroup;
			children = (
				84D42D3E230403F700249356 /* FMLoginViewModel.h */,
				84D42D3F230403F700249356 /* FMLoginViewModel.m */,
			);
			path = ViewModel;
			sourceTree = "<group>";
		};
		84D7273023014D1B002D387A /* MacroHeader */ = {
			isa = PBXGroup;
			children = (
				84D7273623014D1B002D387A /* MacroHeader.h */,
				84D7273123014D1B002D387A /* Headers */,
			);
			path = MacroHeader;
			sourceTree = "<group>";
		};
		84D7273123014D1B002D387A /* Headers */ = {
			isa = PBXGroup;
			children = (
				84D7273423014D1B002D387A /* ThreeLibHeader.h */,
				84D7273323014D1B002D387A /* ScreenSizeHeader.h */,
				84D7273223014D1B002D387A /* DLogHeader.h */,
				84D7273523014D1B002D387A /* WeakifyHeader.h */,
			);
			path = Headers;
			sourceTree = "<group>";
		};
		84D7273723014D1B002D387A /* MVVM */ = {
			isa = PBXGroup;
			children = (
				84D7273823014D1B002D387A /* View */,
				84D7273F23014D1B002D387A /* ViewController */,
				84D7274323014D1B002D387A /* ViewModel */,
				84DD40E82301645C001171F1 /* Model */,
			);
			path = MVVM;
			sourceTree = "<group>";
		};
		84D7273823014D1B002D387A /* View */ = {
			isa = PBXGroup;
			children = (
				84D7273923014D1B002D387A /* FMTableViewCell.h */,
				84D7273A23014D1B002D387A /* FMTableViewCell.m */,
				84D7273B23014D1B002D387A /* FMTableViewCellProtocol.h */,
				84FE0480230BC3AE00E83754 /* FMCollectionViewCell.h */,
				84FE0481230BC3AE00E83754 /* FMCollectionViewCell.m */,
				84FE0483230BC40400E83754 /* FMCollectionViewCellProtocol.h */,
				84D7273C23014D1B002D387A /* FMView.h */,
				84D7273D23014D1B002D387A /* FMView.m */,
				84D7273E23014D1B002D387A /* FMViewProtocol.h */,
			);
			path = View;
			sourceTree = "<group>";
		};
		84D7273F23014D1B002D387A /* ViewController */ = {
			isa = PBXGroup;
			children = (
				84D7274023014D1B002D387A /* FMViewController.h */,
				84D7274123014D1B002D387A /* FMViewController.m */,
				84D7274223014D1B002D387A /* FMViewControllerProtocol.h */,
			);
			path = ViewController;
			sourceTree = "<group>";
		};
		84D7274323014D1B002D387A /* ViewModel */ = {
			isa = PBXGroup;
			children = (
				84D7274423014D1B002D387A /* FMViewModel.h */,
				84D7274523014D1B002D387A /* FMViewModel.m */,
				84D7274623014D1B002D387A /* FMViewModelProtocol.h */,
			);
			path = ViewModel;
			sourceTree = "<group>";
		};
		84D7274723014D1B002D387A /* ThreeLibs */ = {
			isa = PBXGroup;
			children = (
				84DD3F9423015B04001171F1 /* ChainKit */,
				84D727F923014D1B002D387A /* ZFScan */,
				846A490E230A913200D2EAFB /* LMJVerticalScrollText */,
			);
			path = ThreeLibs;
			sourceTree = "<group>";
		};
		84D727F923014D1B002D387A /* ZFScan */ = {
			isa = PBXGroup;
			children = (
				84D727FA23014D1B002D387A /* Category */,
				84D727FF23014D1B002D387A /* CustomView */,
				84D7280223014D1B002D387A /* Other */,
				84D7280623014D1B002D387A /* resource */,
				84D7280F23014D1B002D387A /* ZFScanViewController.h */,
				84D7281023014D1B002D387A /* ZFScanViewController.m */,
			);
			path = ZFScan;
			sourceTree = "<group>";
		};
		84D727FA23014D1B002D387A /* Category */ = {
			isa = PBXGroup;
			children = (
				84D727FB23014D1B002D387A /* UIColor+Zirkfied.h */,
				84D727FC23014D1B002D387A /* UIColor+Zirkfied.m */,
				84D727FD23014D1B002D387A /* UIImage+Zirkfied.h */,
				84D727FE23014D1B002D387A /* UIImage+Zirkfied.m */,
			);
			path = Category;
			sourceTree = "<group>";
		};
		84D727FF23014D1B002D387A /* CustomView */ = {
			isa = PBXGroup;
			children = (
				84D7280023014D1B002D387A /* ZFMaskView.h */,
				84D7280123014D1B002D387A /* ZFMaskView.m */,
			);
			path = CustomView;
			sourceTree = "<group>";
		};
		84D7280223014D1B002D387A /* Other */ = {
			isa = PBXGroup;
			children = (
				84D7280323014D1B002D387A /* ZFColor.h */,
				84D7280423014D1B002D387A /* ZFConst.h */,
				84D7280523014D1B002D387A /* ZFConst.m */,
			);
			path = Other;
			sourceTree = "<group>";
		};
		84D7280623014D1B002D387A /* resource */ = {
			isa = PBXGroup;
			children = (
				84D7280723014D1B002D387A /* Down@2x.png */,
				84D7280823014D1B002D387A /* Flashlight_H@2x.png */,
				84D7280923014D1B002D387A /* Flashlight_N@2x.png */,
				84D7280A23014D1B002D387A /* QRCodeScanLine@2x.png */,
				84D7280B23014D1B002D387A /* ScanQR1@2x.png */,
				84D7280C23014D1B002D387A /* ScanQR2@2x.png */,
				84D7280D23014D1B002D387A /* ScanQR3@2x.png */,
				84D7280E23014D1B002D387A /* ScanQR4@2x.png */,
			);
			path = resource;
			sourceTree = "<group>";
		};
		84D7281123014D1B002D387A /* Basic */ = {
			isa = PBXGroup;
			children = (
				84D7273023014D1B002D387A /* MacroHeader */,
				84DD40E423016436001171F1 /* Category */,
				84D7281223014D1B002D387A /* CommonManager */,
				84D7281823014D1B002D387A /* PlatformConfig */,
				84D7274723014D1B002D387A /* ThreeLibs */,
				84D7273723014D1B002D387A /* MVVM */,
				84D7281B23014D1B002D387A /* Utility */,
			);
			path = Basic;
			sourceTree = "<group>";
		};
		84D7281223014D1B002D387A /* CommonManager */ = {
			isa = PBXGroup;
			children = (
				84D7281323014D1B002D387A /* CommonManager.h */,
				84D7281423014D1B002D387A /* CommonManager.m */,
				84D7281523014D1B002D387A /* Manager */,
			);
			path = CommonManager;
			sourceTree = "<group>";
		};
		84D7281523014D1B002D387A /* Manager */ = {
			isa = PBXGroup;
			children = (
				84D7281623014D1B002D387A /* GCDDispatchManager.h */,
				84D7281723014D1B002D387A /* GCDDispatchManager.m */,
			);
			path = Manager;
			sourceTree = "<group>";
		};
		84D7281823014D1B002D387A /* PlatformConfig */ = {
			isa = PBXGroup;
			children = (
				84D7281923014D1B002D387A /* PlatformConfig.h */,
				84D7281A23014D1B002D387A /* PlatformConfig.mm */,
			);
			path = PlatformConfig;
			sourceTree = "<group>";
		};
		84D7281B23014D1B002D387A /* Utility */ = {
			isa = PBXGroup;
			children = (
			);
			path = Utility;
			sourceTree = "<group>";
		};
		84DD3F9423015B04001171F1 /* ChainKit */ = {
			isa = PBXGroup;
			children = (
				84DD3F9523015B04001171F1 /* Category */,
				84DD3FCA23015B04001171F1 /* ChainKit.h */,
			);
			path = ChainKit;
			sourceTree = "<group>";
		};
		84DD3F9523015B04001171F1 /* Category */ = {
			isa = PBXGroup;
			children = (
				84DD3F9623015B04001171F1 /* ChainBlockType.h */,
				84DD3F9723015B04001171F1 /* Controller */,
				84DD3F9E23015B04001171F1 /* Foundation */,
				84DD3FAA23015B04001171F1 /* UIKit */,
			);
			path = Category;
			sourceTree = "<group>";
		};
		84DD3F9723015B04001171F1 /* Controller */ = {
			isa = PBXGroup;
			children = (
				84DD3F9823015B04001171F1 /* UIAlertController+Chain.h */,
				84DD3F9923015B04001171F1 /* UIAlertController+Chain.m */,
				84DD3F9A23015B04001171F1 /* UINavigationController+Chain.h */,
				84DD3F9B23015B04001171F1 /* UINavigationController+Chain.m */,
				84DD3F9C23015B04001171F1 /* UIViewController+Chain.h */,
				84DD3F9D23015B04001171F1 /* UIViewController+Chain.m */,
			);
			path = Controller;
			sourceTree = "<group>";
		};
		84DD3F9E23015B04001171F1 /* Foundation */ = {
			isa = PBXGroup;
			children = (
				84DD3F9F23015B04001171F1 /* NSArray+Chain.h */,
				84DD3FA023015B04001171F1 /* NSArray+Chain.m */,
				84DD3FA123015B04001171F1 /* NSObject+Chain.h */,
				84DD3FA223015B04001171F1 /* NSObject+Chain.m */,
				84DD3FA323015B04001171F1 /* NSObject+CheckNull */,
				84DD3FA623015B04001171F1 /* NSString+Chain.h */,
				84DD3FA723015B04001171F1 /* NSString+Chain.m */,
				84DD3FA823015B04001171F1 /* NSTimer+Chain.h */,
				84DD3FA923015B04001171F1 /* NSTimer+Chain.m */,
			);
			path = Foundation;
			sourceTree = "<group>";
		};
		84DD3FA323015B04001171F1 /* NSObject+CheckNull */ = {
			isa = PBXGroup;
			children = (
				84DD3FA423015B04001171F1 /* NSObject+CheckNull.h */,
				84DD3FA523015B04001171F1 /* NSObject+CheckNull.m */,
			);
			path = "NSObject+CheckNull";
			sourceTree = "<group>";
		};
		84DD3FAA23015B04001171F1 /* UIKit */ = {
			isa = PBXGroup;
			children = (
				84DD3FAB23015B04001171F1 /* UIBarButtonItem+Chain.h */,
				84DD3FAC23015B04001171F1 /* UIBarButtonItem+Chain.m */,
				84DD3FAD23015B04001171F1 /* UIButton+Chain.h */,
				84DD3FAE23015B04001171F1 /* UIButton+Chain.m */,
				84DD3FAF23015B04001171F1 /* UICollectionView+Chain.h */,
				84DD3FB023015B04001171F1 /* UICollectionView+Chain.m */,
				84DD3FB123015B04001171F1 /* UICollectionViewCell+Chain.h */,
				84DD3FB223015B04001171F1 /* UICollectionViewCell+Chain.m */,
				84DD3FB323015B04001171F1 /* UIColor+Chain.h */,
				84DD3FB423015B04001171F1 /* UIColor+Chain.m */,
				84DD3FB523015B04001171F1 /* UIControl+Chain.h */,
				84DD3FB623015B04001171F1 /* UIControl+Chain.m */,
				84DD3FB723015B04001171F1 /* UIImage+Chain.h */,
				84DD3FB823015B04001171F1 /* UIImage+Chain.m */,
				84DD3FB923015B04001171F1 /* UILabel+Chain.h */,
				84DD3FBA23015B04001171F1 /* UILabel+Chain.m */,
				84DD3FBB23015B04001171F1 /* UINavigationItem+Chain.h */,
				84DD3FBC23015B04001171F1 /* UINavigationItem+Chain.m */,
				84DD3FBD23015B04001171F1 /* UIScrollView+Chain.h */,
				84DD3FBE23015B04001171F1 /* UIScrollView+Chain.m */,
				84DD3FBF23015B04001171F1 /* UITableView+Chain.h */,
				84DD3FC023015B04001171F1 /* UITableView+Chain.m */,
				84DD3FC123015B04001171F1 /* UITableViewCell+Chain.h */,
				84DD3FC223015B04001171F1 /* UITableViewCell+Chain.m */,
				84DD3FC323015B04001171F1 /* UITextField+Chain.h */,
				84DD3FC423015B04001171F1 /* UITextField+Chain.m */,
				84DD3FC523015B04001171F1 /* UIView+Chain.h */,
				84DD3FC623015B04001171F1 /* UIView+Chain.m */,
				84DD3FC723015B04001171F1 /* UIView+Seek */,
			);
			path = UIKit;
			sourceTree = "<group>";
		};
		84DD3FC723015B04001171F1 /* UIView+Seek */ = {
			isa = PBXGroup;
			children = (
				84DD3FC823015B04001171F1 /* UIView+Seek.h */,
				84DD3FC923015B04001171F1 /* UIView+Seek.m */,
			);
			path = "UIView+Seek";
			sourceTree = "<group>";
		};
		84DD40E423016436001171F1 /* Category */ = {
			isa = PBXGroup;
			children = (
				84B142D22304F6E7009ADECF /* UITableView+FDTemplateLayoutCell */,
				84D42D462304E88100249356 /* UIView+Frame.h */,
				84D42D472304E88100249356 /* UIView+Frame.m */,
				84D42D492304F16700249356 /* UIView+Visuals.h */,
				84D42D4A2304F16700249356 /* UIView+Visuals.m */,
			);
			path = Category;
			sourceTree = "<group>";
		};
		84DD40E82301645C001171F1 /* Model */ = {
			isa = PBXGroup;
			children = (
				84DD40E92301645C001171F1 /* FMModel.h */,
				84DD40EA2301645C001171F1 /* FMModel.m */,
				84DD40E523016436001171F1 /* FMModel+RuntimeCopy.h */,
				84DD40E623016436001171F1 /* FMModel+RuntimeCopy.m */,
			);
			path = Model;
			sourceTree = "<group>";
		};
		84FE0484230BC66500E83754 /* View */ = {
			isa = PBXGroup;
			children = (
				84FE0487230BC72300E83754 /* FMMeView.h */,
				84FE0488230BC72300E83754 /* FMMeView.m */,
				84FE048A230BC72D00E83754 /* FMMeView.xib */,
			);
			path = View;
			sourceTree = "<group>";
		};
		84FE0485230BC67400E83754 /* Controller */ = {
			isa = PBXGroup;
			children = (
				84468D47230254350073D640 /* FMMeController.h */,
				84468D48230254350073D640 /* FMMeController.m */,
			);
			path = Controller;
			sourceTree = "<group>";
		};
		84FE0486230BC69B00E83754 /* ViewModel */ = {
			isa = PBXGroup;
			children = (
			);
			path = ViewModel;
			sourceTree = "<group>";
		};
		975B52EF50DC2D036D6E1494 /* Pods */ = {
			isa = PBXGroup;
			children = (
				9061A6A03D5FF6522BD79287 /* Pods-SeventreesUser.debug.xcconfig */,
				54B961E7B741464645FB273E /* Pods-SeventreesUser.release.xcconfig */,
			);
			path = Pods;
			sourceTree = "<group>";
		};
		F42963049D5966A52EF093F3 /* Frameworks */ = {
			isa = PBXGroup;
			children = (
				E526D20361804ADF582EE2C0 /* libPods-SeventreesUser.a */,
			);
			name = Frameworks;
			sourceTree = "<group>";
		};
/* End PBXGroup section */

/* Begin PBXNativeTarget section */
		849CBF892300FBAA003821E4 /* SeventreesUser */ = {
			isa = PBXNativeTarget;
			buildConfigurationList = 849CBFA02300FBAC003821E4 /* Build configuration list for PBXNativeTarget "SeventreesUser" */;
			buildPhases = (
				5FC1C1E328D9BB505A9E5BCA /* [CP] Check Pods Manifest.lock */,
				849CBF862300FBAA003821E4 /* Sources */,
				849CBF872300FBAA003821E4 /* Frameworks */,
				849CBF882300FBAA003821E4 /* Resources */,
				E4425539983CDDE13D1DFA47 /* [CP] Copy Pods Resources */,
			);
			buildRules = (
			);
			dependencies = (
			);
			name = SeventreesUser;
			productName = SeventreesUser;
			productReference = 849CBF8A2300FBAA003821E4 /* SeventreesUser.app */;
			productType = "com.apple.product-type.application";
		};
/* End PBXNativeTarget section */

/* Begin PBXProject section */
		849CBF822300FBAA003821E4 /* Project object */ = {
			isa = PBXProject;
			attributes = {
				LastUpgradeCheck = 1010;
				ORGANIZATIONNAME = "Seven trees";
				TargetAttributes = {
					849CBF892300FBAA003821E4 = {
						CreatedOnToolsVersion = 10.1;
					};
				};
			};
			buildConfigurationList = 849CBF852300FBAA003821E4 /* Build configuration list for PBXProject "SeventreesUser" */;
			compatibilityVersion = "Xcode 9.3";
			developmentRegion = en;
			hasScannedForEncodings = 0;
			knownRegions = (
				en,
				Base,
			);
			mainGroup = 849CBF812300FBAA003821E4;
			productRefGroup = 849CBF8B2300FBAA003821E4 /* Products */;
			projectDirPath = "";
			projectRoot = "";
			targets = (
				849CBF892300FBAA003821E4 /* SeventreesUser */,
			);
		};
/* End PBXProject section */

/* Begin PBXResourcesBuildPhase section */
		849CBF882300FBAA003821E4 /* Resources */ = {
			isa = PBXResourcesBuildPhase;
			buildActionMask = 2147483647;
			files = (
				849CBFBE23014544003821E4 /* Assets.xcassets in Resources */,
				84BAC58C2306A5290062B812 /* FMPasswordInputView.xib in Resources */,
				844776AE230ACBA0008AE242 /* FMGoodsView.xib in Resources */,
				84D7287E23014D1B002D387A /* Flashlight_N@2x.png in Resources */,
				84D7287D23014D1B002D387A /* Flashlight_H@2x.png in Resources */,
				84BAC5912306B3110062B812 /* FMSetPasswordView.xib in Resources */,
				849CBFBF23014544003821E4 /* LaunchScreen.storyboard in Resources */,
				844776A9230AC6E0008AE242 /* FMStoreView.xib in Resources */,
				846A491C230ABDD500D2EAFB /* FMMenuView.xib in Resources */,
				84BAC5A12306C8AC0062B812 /* FMRegisterView.xib in Resources */,
				84065D00230A38B700D39225 /* DialogBoxView.xib in Resources */,
				84D7287C23014D1B002D387A /* Down@2x.png in Resources */,
				84BAC58723069EA50062B812 /* FMPhoneNumberInputView.xib in Resources */,
				84D7288123014D1B002D387A /* ScanQR2@2x.png in Resources */,
				84D7288223014D1B002D387A /* ScanQR3@2x.png in Resources */,
				84065D06230A73DE00D39225 /* SearchBarView.xib in Resources */,
				84D7288323014D1B002D387A /* ScanQR4@2x.png in Resources */,
				84D42D452304066E00249356 /* FMLoginView.xib in Resources */,
				84BAC582230685CF0062B812 /* FMSecurityCodeInputView.xib in Resources */,
				84FE047F230B8AAE00E83754 /* FMGoodsSectionCell.xib in Resources */,
				846A490A230A830400D2EAFB /* FMHomeView.xib in Resources */,
				84D7287F23014D1B002D387A /* QRCodeScanLine@2x.png in Resources */,
				84D7288023014D1B002D387A /* ScanQR1@2x.png in Resources */,
				84FE048B230BC72D00E83754 /* FMMeView.xib in Resources */,
				844776B3230AD1A6008AE242 /* FMGoodsCell.xib in Resources */,
			);
			runOnlyForDeploymentPostprocessing = 0;
		};
/* End PBXResourcesBuildPhase section */

/* Begin PBXShellScriptBuildPhase section */
		5FC1C1E328D9BB505A9E5BCA /* [CP] Check Pods Manifest.lock */ = {
			isa = PBXShellScriptBuildPhase;
			buildActionMask = 2147483647;
			files = (
			);
			inputFileListPaths = (
			);
			inputPaths = (
				"${PODS_PODFILE_DIR_PATH}/Podfile.lock",
				"${PODS_ROOT}/Manifest.lock",
			);
			name = "[CP] Check Pods Manifest.lock";
			outputFileListPaths = (
			);
			outputPaths = (
				"$(DERIVED_FILE_DIR)/Pods-SeventreesUser-checkManifestLockResult.txt",
			);
			runOnlyForDeploymentPostprocessing = 0;
			shellPath = /bin/sh;
			shellScript = "diff \"${PODS_PODFILE_DIR_PATH}/Podfile.lock\" \"${PODS_ROOT}/Manifest.lock\" > /dev/null\nif [ $? != 0 ] ; then\n    # print error to STDERR\n    echo \"error: The sandbox is not in sync with the Podfile.lock. Run 'pod install' or update your CocoaPods installation.\" >&2\n    exit 1\nfi\n# This output is used by Xcode 'outputs' to avoid re-running this script phase.\necho \"SUCCESS\" > \"${SCRIPT_OUTPUT_FILE_0}\"\n";
			showEnvVarsInLog = 0;
		};
		E4425539983CDDE13D1DFA47 /* [CP] Copy Pods Resources */ = {
			isa = PBXShellScriptBuildPhase;
			buildActionMask = 2147483647;
			files = (
			);
			inputFileListPaths = (
			);
			inputPaths = (
				"${PODS_ROOT}/Target Support Files/Pods-SeventreesUser/Pods-SeventreesUser-resources.sh",
				"${PODS_ROOT}/IQKeyboardManager/IQKeyboardManager/Resources/IQKeyboardManager.bundle",
				"${PODS_ROOT}/MJRefresh/MJRefresh/MJRefresh.bundle",
				"${PODS_ROOT}/SVProgressHUD/SVProgressHUD/SVProgressHUD.bundle",
				"${PODS_ROOT}/TZImagePickerController/TZImagePickerController/TZImagePickerController/TZImagePickerController.bundle",
			);
			name = "[CP] Copy Pods Resources";
			outputFileListPaths = (
			);
			outputPaths = (
				"${TARGET_BUILD_DIR}/${UNLOCALIZED_RESOURCES_FOLDER_PATH}/IQKeyboardManager.bundle",
				"${TARGET_BUILD_DIR}/${UNLOCALIZED_RESOURCES_FOLDER_PATH}/MJRefresh.bundle",
				"${TARGET_BUILD_DIR}/${UNLOCALIZED_RESOURCES_FOLDER_PATH}/SVProgressHUD.bundle",
				"${TARGET_BUILD_DIR}/${UNLOCALIZED_RESOURCES_FOLDER_PATH}/TZImagePickerController.bundle",
			);
			runOnlyForDeploymentPostprocessing = 0;
			shellPath = /bin/sh;
			shellScript = "\"${PODS_ROOT}/Target Support Files/Pods-SeventreesUser/Pods-SeventreesUser-resources.sh\"\n";
			showEnvVarsInLog = 0;
		};
/* End PBXShellScriptBuildPhase section */

/* Begin PBXSourcesBuildPhase section */
		849CBF862300FBAA003821E4 /* Sources */ = {
			isa = PBXSourcesBuildPhase;
			buildActionMask = 2147483647;
			files = (
				84DD3FCE23015B04001171F1 /* NSArray+Chain.m in Sources */,
				84B142DE2304F6E7009ADECF /* UITableView+FDTemplateLayoutCellDebug.m in Sources */,
				849CBFB2230113B2003821E4 /* AppDelegate.m in Sources */,
				849CBFB3230113B2003821E4 /* main.m in Sources */,
				84BAC58523069E950062B812 /* FMPhoneNumberInputView.m in Sources */,
				84DD3FE123015B04001171F1 /* UIView+Seek.m in Sources */,
				84D7282523014D1B002D387A /* FMViewController.m in Sources */,
				84FE0482230BC3AE00E83754 /* FMCollectionViewCell.m in Sources */,
				84DD3FD923015B04001171F1 /* UIImage+Chain.m in Sources */,
				84DD3FCD23015B04001171F1 /* UIViewController+Chain.m in Sources */,
				84BAC5802306859A0062B812 /* FMSecurityCodeInputView.m in Sources */,
				84BAC5A42306CD3D0062B812 /* FMPhoneNumberInputViewModel.m in Sources */,
				846A4916230A913200D2EAFB /* UILabel+ForLMJVerticalScrollText.m in Sources */,
				84BAC5942306B6B20062B812 /* FMSetPasswordController.m in Sources */,
				84D7282323014D1B002D387A /* FMTableViewCell.m in Sources */,
				84D7287823014D1B002D387A /* UIColor+Zirkfied.m in Sources */,
				84D7288523014D1B002D387A /* CommonManager.m in Sources */,
				84D42D43230403F700249356 /* FMLoginViewModel.m in Sources */,
				84BAC59F2306C6400062B812 /* FMRegisterView.m in Sources */,
				84DD3FDB23015B04001171F1 /* UINavigationItem+Chain.m in Sources */,
				84D7287B23014D1B002D387A /* ZFConst.m in Sources */,
				84065D04230A73D400D39225 /* SearchBarView.m in Sources */,
				84DD3FD523015B04001171F1 /* UICollectionView+Chain.m in Sources */,
				846A4917230A913200D2EAFB /* UIView+ForLMJVerticalScrollText.m in Sources */,
				84DD3FD723015B04001171F1 /* UIColor+Chain.m in Sources */,
				84468D49230254350073D640 /* FMMeController.m in Sources */,
				84DD3FDE23015B04001171F1 /* UITableViewCell+Chain.m in Sources */,
				84D7287A23014D1B002D387A /* ZFMaskView.m in Sources */,
				84DD3FD123015B04001171F1 /* NSString+Chain.m in Sources */,
				84D7288723014D1B002D387A /* PlatformConfig.mm in Sources */,
				84D7288623014D1B002D387A /* GCDDispatchManager.m in Sources */,
				846A490D230A8F1C00D2EAFB /* FMHomeController.m in Sources */,
				84BAC58A2306A51D0062B812 /* FMPasswordInputView.m in Sources */,
				84468D43230253F80073D640 /* FMMenuController.m in Sources */,
				84DD3FDC23015B04001171F1 /* UIScrollView+Chain.m in Sources */,
				844776AC230ACB97008AE242 /* FMGoodsView.m in Sources */,
				846A491A230AACC700D2EAFB /* FMMenuView.m in Sources */,
				84B142DC2304F6E7009ADECF /* UITableView+FDKeyedHeightCache.m in Sources */,
				84DD3FD423015B04001171F1 /* UIButton+Chain.m in Sources */,
				84D42D40230403F700249356 /* FMLoginModel.m in Sources */,
				84D7288423014D1B002D387A /* ZFScanViewController.m in Sources */,
				84DD3FDD23015B04001171F1 /* UITableView+Chain.m in Sources */,
				84DD3FCC23015B04001171F1 /* UINavigationController+Chain.m in Sources */,
				849CBFB92301176F003821E4 /* MainTabBarController.m in Sources */,
				84BAC58F2306B2EB0062B812 /* FMSetPasswordView.m in Sources */,
				844776A7230AC6C4008AE242 /* FMStoreView.m in Sources */,
				84DD3FCB23015B04001171F1 /* UIAlertController+Chain.m in Sources */,
				846A4908230A82FA00D2EAFB /* FMHomeView.m in Sources */,
				84468D46230254280073D640 /* FMShoppingController.m in Sources */,
				84FE0489230BC72300E83754 /* FMMeView.m in Sources */,
				846A4915230A913200D2EAFB /* LMJVerticalScrollText.m in Sources */,
				84D42D41230403F700249356 /* FMLoginView.m in Sources */,
				849CBFB1230113B2003821E4 /* AppDelegate+AppInit.m in Sources */,
				84D42D4B2304F16800249356 /* UIView+Visuals.m in Sources */,
				84B142DB2304F6E7009ADECF /* UITableView+FDIndexPathHeightCache.m in Sources */,
				84DD3FE023015B04001171F1 /* UIView+Chain.m in Sources */,
				84DD3FDA23015B04001171F1 /* UILabel+Chain.m in Sources */,
				84B142DD2304F6E7009ADECF /* UITableView+FDTemplateLayoutCell.m in Sources */,
				84DD3FD823015B04001171F1 /* UIControl+Chain.m in Sources */,
				844776B2230AD1A6008AE242 /* FMGoodsCell.m in Sources */,
				84065CFE230A386600D39225 /* DialogBoxView.m in Sources */,
				84BAC5972306B6F20062B812 /* FMRegisterController.m in Sources */,
				84DD3FD223015B04001171F1 /* NSTimer+Chain.m in Sources */,
				84DD3FD023015B04001171F1 /* NSObject+CheckNull.m in Sources */,
				84DD3FD623015B04001171F1 /* UICollectionViewCell+Chain.m in Sources */,
				84D7282423014D1B002D387A /* FMView.m in Sources */,
				84DD40EB2301645C001171F1 /* FMModel.m in Sources */,
				84DD3FDF23015B04001171F1 /* UITextField+Chain.m in Sources */,
				84D7287923014D1B002D387A /* UIImage+Zirkfied.m in Sources */,
				84D7282623014D1B002D387A /* FMViewModel.m in Sources */,
				84DD3FD323015B04001171F1 /* UIBarButtonItem+Chain.m in Sources */,
				84FE047E230B8AAE00E83754 /* FMGoodsSectionCell.m in Sources */,
				84DD40E723016436001171F1 /* FMModel+RuntimeCopy.m in Sources */,
				84468D4C230256B20073D640 /* BaseNavigationController.m in Sources */,
				84D42D482304E88100249356 /* UIView+Frame.m in Sources */,
				84D42D42230403F700249356 /* FMLoginController.m in Sources */,
				84DD3FCF23015B04001171F1 /* NSObject+Chain.m in Sources */,
			);
			runOnlyForDeploymentPostprocessing = 0;
		};
/* End PBXSourcesBuildPhase section */

/* Begin PBXVariantGroup section */
		849CBFBC23014544003821E4 /* LaunchScreen.storyboard */ = {
			isa = PBXVariantGroup;
			children = (
				849CBFBD23014544003821E4 /* Base */,
			);
			name = LaunchScreen.storyboard;
			sourceTree = "<group>";
		};
/* End PBXVariantGroup section */

/* Begin XCBuildConfiguration section */
		849CBF9E2300FBAC003821E4 /* Debug */ = {
			isa = XCBuildConfiguration;
			buildSettings = {
				ALWAYS_SEARCH_USER_PATHS = NO;
				CLANG_ANALYZER_NONNULL = YES;
				CLANG_ANALYZER_NUMBER_OBJECT_CONVERSION = YES_AGGRESSIVE;
				CLANG_CXX_LANGUAGE_STANDARD = "gnu++14";
				CLANG_CXX_LIBRARY = "libc++";
				CLANG_ENABLE_MODULES = YES;
				CLANG_ENABLE_OBJC_ARC = YES;
				CLANG_ENABLE_OBJC_WEAK = YES;
				CLANG_WARN_BLOCK_CAPTURE_AUTORELEASING = YES;
				CLANG_WARN_BOOL_CONVERSION = YES;
				CLANG_WARN_COMMA = YES;
				CLANG_WARN_CONSTANT_CONVERSION = YES;
				CLANG_WARN_DEPRECATED_OBJC_IMPLEMENTATIONS = YES;
				CLANG_WARN_DIRECT_OBJC_ISA_USAGE = YES_ERROR;
				CLANG_WARN_DOCUMENTATION_COMMENTS = YES;
				CLANG_WARN_EMPTY_BODY = YES;
				CLANG_WARN_ENUM_CONVERSION = YES;
				CLANG_WARN_INFINITE_RECURSION = YES;
				CLANG_WARN_INT_CONVERSION = YES;
				CLANG_WARN_NON_LITERAL_NULL_CONVERSION = YES;
				CLANG_WARN_OBJC_IMPLICIT_RETAIN_SELF = YES;
				CLANG_WARN_OBJC_LITERAL_CONVERSION = YES;
				CLANG_WARN_OBJC_ROOT_CLASS = YES_ERROR;
				CLANG_WARN_RANGE_LOOP_ANALYSIS = YES;
				CLANG_WARN_STRICT_PROTOTYPES = YES;
				CLANG_WARN_SUSPICIOUS_MOVE = YES;
				CLANG_WARN_UNGUARDED_AVAILABILITY = YES_AGGRESSIVE;
				CLANG_WARN_UNREACHABLE_CODE = YES;
				CLANG_WARN__DUPLICATE_METHOD_MATCH = YES;
				CODE_SIGN_IDENTITY = "iPhone Developer";
				COPY_PHASE_STRIP = NO;
				DEBUG_INFORMATION_FORMAT = dwarf;
				ENABLE_STRICT_OBJC_MSGSEND = YES;
				ENABLE_TESTABILITY = YES;
				GCC_C_LANGUAGE_STANDARD = gnu11;
				GCC_DYNAMIC_NO_PIC = NO;
				GCC_NO_COMMON_BLOCKS = YES;
				GCC_OPTIMIZATION_LEVEL = 0;
				GCC_PREPROCESSOR_DEFINITIONS = (
					"DEBUG=1",
					"$(inherited)",
				);
				GCC_WARN_64_TO_32_BIT_CONVERSION = YES;
				GCC_WARN_ABOUT_RETURN_TYPE = YES_ERROR;
				GCC_WARN_UNDECLARED_SELECTOR = YES;
				GCC_WARN_UNINITIALIZED_AUTOS = YES_AGGRESSIVE;
				GCC_WARN_UNUSED_FUNCTION = YES;
				GCC_WARN_UNUSED_VARIABLE = YES;
				IPHONEOS_DEPLOYMENT_TARGET = 12.1;
				MTL_ENABLE_DEBUG_INFO = INCLUDE_SOURCE;
				MTL_FAST_MATH = YES;
				ONLY_ACTIVE_ARCH = YES;
				SDKROOT = iphoneos;
			};
			name = Debug;
		};
		849CBF9F2300FBAC003821E4 /* Release */ = {
			isa = XCBuildConfiguration;
			buildSettings = {
				ALWAYS_SEARCH_USER_PATHS = NO;
				CLANG_ANALYZER_NONNULL = YES;
				CLANG_ANALYZER_NUMBER_OBJECT_CONVERSION = YES_AGGRESSIVE;
				CLANG_CXX_LANGUAGE_STANDARD = "gnu++14";
				CLANG_CXX_LIBRARY = "libc++";
				CLANG_ENABLE_MODULES = YES;
				CLANG_ENABLE_OBJC_ARC = YES;
				CLANG_ENABLE_OBJC_WEAK = YES;
				CLANG_WARN_BLOCK_CAPTURE_AUTORELEASING = YES;
				CLANG_WARN_BOOL_CONVERSION = YES;
				CLANG_WARN_COMMA = YES;
				CLANG_WARN_CONSTANT_CONVERSION = YES;
				CLANG_WARN_DEPRECATED_OBJC_IMPLEMENTATIONS = YES;
				CLANG_WARN_DIRECT_OBJC_ISA_USAGE = YES_ERROR;
				CLANG_WARN_DOCUMENTATION_COMMENTS = YES;
				CLANG_WARN_EMPTY_BODY = YES;
				CLANG_WARN_ENUM_CONVERSION = YES;
				CLANG_WARN_INFINITE_RECURSION = YES;
				CLANG_WARN_INT_CONVERSION = YES;
				CLANG_WARN_NON_LITERAL_NULL_CONVERSION = YES;
				CLANG_WARN_OBJC_IMPLICIT_RETAIN_SELF = YES;
				CLANG_WARN_OBJC_LITERAL_CONVERSION = YES;
				CLANG_WARN_OBJC_ROOT_CLASS = YES_ERROR;
				CLANG_WARN_RANGE_LOOP_ANALYSIS = YES;
				CLANG_WARN_STRICT_PROTOTYPES = YES;
				CLANG_WARN_SUSPICIOUS_MOVE = YES;
				CLANG_WARN_UNGUARDED_AVAILABILITY = YES_AGGRESSIVE;
				CLANG_WARN_UNREACHABLE_CODE = YES;
				CLANG_WARN__DUPLICATE_METHOD_MATCH = YES;
				CODE_SIGN_IDENTITY = "iPhone Developer";
				COPY_PHASE_STRIP = NO;
				DEBUG_INFORMATION_FORMAT = "dwarf-with-dsym";
				ENABLE_NS_ASSERTIONS = NO;
				ENABLE_STRICT_OBJC_MSGSEND = YES;
				GCC_C_LANGUAGE_STANDARD = gnu11;
				GCC_NO_COMMON_BLOCKS = YES;
				GCC_WARN_64_TO_32_BIT_CONVERSION = YES;
				GCC_WARN_ABOUT_RETURN_TYPE = YES_ERROR;
				GCC_WARN_UNDECLARED_SELECTOR = YES;
				GCC_WARN_UNINITIALIZED_AUTOS = YES_AGGRESSIVE;
				GCC_WARN_UNUSED_FUNCTION = YES;
				GCC_WARN_UNUSED_VARIABLE = YES;
				IPHONEOS_DEPLOYMENT_TARGET = 12.1;
				MTL_ENABLE_DEBUG_INFO = NO;
				MTL_FAST_MATH = YES;
				SDKROOT = iphoneos;
				VALIDATE_PRODUCT = YES;
			};
			name = Release;
		};
		849CBFA12300FBAC003821E4 /* Debug */ = {
			isa = XCBuildConfiguration;
			baseConfigurationReference = 9061A6A03D5FF6522BD79287 /* Pods-SeventreesUser.debug.xcconfig */;
			buildSettings = {
				ASSETCATALOG_COMPILER_APPICON_NAME = AppIcon;
				ASSETCATALOG_COMPILER_LAUNCHIMAGE_NAME = LaunchImage;
				CODE_SIGN_IDENTITY = "iPhone Developer";
				CODE_SIGN_STYLE = Manual;
				DEVELOPMENT_TEAM = "";
				INFOPLIST_FILE = SeventreesUser/Info.plist;
				IPHONEOS_DEPLOYMENT_TARGET = 9.0;
				LD_RUNPATH_SEARCH_PATHS = (
					"$(inherited)",
					"@executable_path/Frameworks",
				);
				PRODUCT_BUNDLE_IDENTIFIER = "com.seven-trees.SeventreesUser";
				PRODUCT_NAME = "$(TARGET_NAME)";
				PROVISIONING_PROFILE_SPECIFIER = "";
				TARGETED_DEVICE_FAMILY = "1,2";
			};
			name = Debug;
		};
		849CBFA22300FBAC003821E4 /* Release */ = {
			isa = XCBuildConfiguration;
			baseConfigurationReference = 54B961E7B741464645FB273E /* Pods-SeventreesUser.release.xcconfig */;
			buildSettings = {
				ASSETCATALOG_COMPILER_APPICON_NAME = AppIcon;
				ASSETCATALOG_COMPILER_LAUNCHIMAGE_NAME = LaunchImage;
				CODE_SIGN_IDENTITY = "iPhone Developer";
				CODE_SIGN_STYLE = Manual;
				DEVELOPMENT_TEAM = "";
				INFOPLIST_FILE = SeventreesUser/Info.plist;
				IPHONEOS_DEPLOYMENT_TARGET = 9.0;
				LD_RUNPATH_SEARCH_PATHS = (
					"$(inherited)",
					"@executable_path/Frameworks",
				);
				PRODUCT_BUNDLE_IDENTIFIER = "com.seven-trees.SeventreesUser";
				PRODUCT_NAME = "$(TARGET_NAME)";
				PROVISIONING_PROFILE_SPECIFIER = "";
				TARGETED_DEVICE_FAMILY = "1,2";
			};
			name = Release;
		};
/* End XCBuildConfiguration section */

/* Begin XCConfigurationList section */
		849CBF852300FBAA003821E4 /* Build configuration list for PBXProject "SeventreesUser" */ = {
			isa = XCConfigurationList;
			buildConfigurations = (
				849CBF9E2300FBAC003821E4 /* Debug */,
				849CBF9F2300FBAC003821E4 /* Release */,
			);
			defaultConfigurationIsVisible = 0;
			defaultConfigurationName = Release;
		};
		849CBFA02300FBAC003821E4 /* Build configuration list for PBXNativeTarget "SeventreesUser" */ = {
			isa = XCConfigurationList;
			buildConfigurations = (
				849CBFA12300FBAC003821E4 /* Debug */,
				849CBFA22300FBAC003821E4 /* Release */,
			);
			defaultConfigurationIsVisible = 0;
			defaultConfigurationName = Release;
		};
/* End XCConfigurationList section */
	};
	rootObject = 849CBF822300FBAA003821E4 /* Project object */;
}
